{
  "version": 4,
  "terraform_version": "1.10.5",
  "serial": 23,
  "lineage": "5f44511f-1145-04e6-9fd7-039418d06e47",
  "outputs": {
    "private_subnets_id": {
      "value": [
        [
          "subnet-024814591f0c2f85f",
          "subnet-0f433f205695b93c3"
        ]
      ],
      "type": [
        "tuple",
        [
          [
            "tuple",
            [
              "string",
              "string"
            ]
          ]
        ]
      ]
    },
    "public_subnets_id": {
      "value": [
        [
          "subnet-088619a04fab0d3cd",
          "subnet-0084c0810dbcfe18a"
        ]
      ],
      "type": [
        "tuple",
        [
          [
            "tuple",
            [
              "string",
              "string"
            ]
          ]
        ]
      ]
    },
    "security_groups_id": {
      "value": [
        "sg-07c333593bc9b6c05",
        "sg-0519ba2149fbde8c0"
      ],
      "type": [
        "tuple",
        [
          "string",
          "string"
        ]
      ]
    }
  },
  "resources": [
    {
      "module": "module.aws_vpc",
      "mode": "managed",
      "type": "aws_eip",
      "name": "elastic_ip",
      "provider": "provider[\"registry.terraform.io/hashicorp/aws\"]",
      "instances": [
        {
          "index_key": 0,
          "schema_version": 0,
          "attributes": {
            "address": null,
            "allocation_id": "eipalloc-06ddb29ddc53582a1",
            "arn": "arn:aws:ec2:sa-east-1:489047582581:elastic-ip/eipalloc-06ddb29ddc53582a1",
            "associate_with_private_ip": null,
            "association_id": "",
            "carrier_ip": "",
            "customer_owned_ip": "",
            "customer_owned_ipv4_pool": "",
            "domain": "vpc",
            "id": "eipalloc-06ddb29ddc53582a1",
            "instance": "",
            "network_border_group": "sa-east-1",
            "network_interface": "",
            "private_dns": null,
            "private_ip": "",
            "ptr_record": "",
            "public_dns": "ec2-52-67-40-165.sa-east-1.compute.amazonaws.com",
            "public_ip": "52.67.40.165",
            "public_ipv4_pool": "amazon",
            "tags": {
              "Name": "eip-subnet-16"
            },
            "tags_all": {
              "Name": "eip-subnet-16"
            },
            "timeouts": null,
            "vpc": true
          },
          "sensitive_attributes": [],
          "private": "eyJlMmJmYjczMC1lY2FhLTExZTYtOGY4OC0zNDM2M2JjN2M0YzAiOnsiZGVsZXRlIjoxODAwMDAwMDAwMDAsInJlYWQiOjkwMDAwMDAwMDAwMCwidXBkYXRlIjozMDAwMDAwMDAwMDB9fQ==",
          "dependencies": [
            "module.aws_vpc.aws_internet_gateway.i_gateway",
            "module.aws_vpc.aws_vpc.custom_vpc"
          ]
        },
        {
          "index_key": 1,
          "schema_version": 0,
          "attributes": {
            "address": null,
            "allocation_id": "eipalloc-09ace465b37357bd8",
            "arn": "arn:aws:ec2:sa-east-1:489047582581:elastic-ip/eipalloc-09ace465b37357bd8",
            "associate_with_private_ip": null,
            "association_id": "",
            "carrier_ip": "",
            "customer_owned_ip": "",
            "customer_owned_ipv4_pool": "",
            "domain": "vpc",
            "id": "eipalloc-09ace465b37357bd8",
            "instance": "",
            "network_border_group": "sa-east-1",
            "network_interface": "",
            "private_dns": null,
            "private_ip": "",
            "ptr_record": "",
            "public_dns": "ec2-56-125-16-4.sa-east-1.compute.amazonaws.com",
            "public_ip": "56.125.16.4",
            "public_ipv4_pool": "amazon",
            "tags": {
              "Name": "eip-subnet-32"
            },
            "tags_all": {
              "Name": "eip-subnet-32"
            },
            "timeouts": null,
            "vpc": true
          },
          "sensitive_attributes": [],
          "private": "eyJlMmJmYjczMC1lY2FhLTExZTYtOGY4OC0zNDM2M2JjN2M0YzAiOnsiZGVsZXRlIjoxODAwMDAwMDAwMDAsInJlYWQiOjkwMDAwMDAwMDAwMCwidXBkYXRlIjozMDAwMDAwMDAwMDB9fQ==",
          "dependencies": [
            "module.aws_vpc.aws_internet_gateway.i_gateway",
            "module.aws_vpc.aws_vpc.custom_vpc"
          ]
        }
      ]
    },
    {
      "module": "module.aws_vpc",
      "mode": "managed",
      "type": "aws_internet_gateway",
      "name": "i_gateway",
      "provider": "provider[\"registry.terraform.io/hashicorp/aws\"]",
      "instances": [
        {
          "index_key": 0,
          "schema_version": 0,
          "attributes": {
            "arn": "arn:aws:ec2:sa-east-1:489047582581:internet-gateway/igw-0b3832231391ed58d",
            "id": "igw-0b3832231391ed58d",
            "owner_id": "489047582581",
            "tags": {
              "Name": "custom-igw"
            },
            "tags_all": {
              "Name": "custom-igw"
            },
            "timeouts": null,
            "vpc_id": "vpc-066021df866b0eaf7"
          },
          "sensitive_attributes": [],
          "private": "eyJlMmJmYjczMC1lY2FhLTExZTYtOGY4OC0zNDM2M2JjN2M0YzAiOnsiY3JlYXRlIjoxMjAwMDAwMDAwMDAwLCJkZWxldGUiOjEyMDAwMDAwMDAwMDAsInVwZGF0ZSI6MTIwMDAwMDAwMDAwMH19",
          "dependencies": [
            "module.aws_vpc.aws_vpc.custom_vpc"
          ]
        }
      ]
    },
    {
      "module": "module.aws_vpc",
      "mode": "managed",
      "type": "aws_nat_gateway",
      "name": "nats",
      "provider": "provider[\"registry.terraform.io/hashicorp/aws\"]",
      "instances": [
        {
          "index_key": 0,
          "schema_version": 0,
          "attributes": {
            "allocation_id": "eipalloc-06ddb29ddc53582a1",
            "association_id": "eipassoc-0fe7dbf12c5bce5b3",
            "connectivity_type": "public",
            "id": "nat-0c884142f0c4e2d03",
            "network_interface_id": "eni-0b9fdc0453c7b2742",
            "private_ip": "10.1.17.20",
            "public_ip": "52.67.40.165",
            "secondary_allocation_ids": null,
            "secondary_private_ip_address_count": 0,
            "secondary_private_ip_addresses": [],
            "subnet_id": "subnet-088619a04fab0d3cd",
            "tags": {
              "Name": "nat-to-subnet-16"
            },
            "tags_all": {
              "Name": "nat-to-subnet-16"
            },
            "timeouts": null
          },
          "sensitive_attributes": [],
          "private": "eyJlMmJmYjczMC1lY2FhLTExZTYtOGY4OC0zNDM2M2JjN2M0YzAiOnsiY3JlYXRlIjo2MDAwMDAwMDAwMDAsImRlbGV0ZSI6MTgwMDAwMDAwMDAwMCwidXBkYXRlIjo2MDAwMDAwMDAwMDB9fQ==",
          "dependencies": [
            "module.aws_vpc.aws_eip.elastic_ip",
            "module.aws_vpc.aws_internet_gateway.i_gateway",
            "module.aws_vpc.aws_subnet.public_subnets",
            "module.aws_vpc.aws_vpc.custom_vpc"
          ]
        },
        {
          "index_key": 1,
          "schema_version": 0,
          "attributes": {
            "allocation_id": "eipalloc-09ace465b37357bd8",
            "association_id": "eipassoc-0c1e36afeb9cebdfb",
            "connectivity_type": "public",
            "id": "nat-00a6b75fb988ab700",
            "network_interface_id": "eni-063432a0539f122a6",
            "private_ip": "10.1.33.208",
            "public_ip": "56.125.16.4",
            "secondary_allocation_ids": null,
            "secondary_private_ip_address_count": 0,
            "secondary_private_ip_addresses": [],
            "subnet_id": "subnet-0084c0810dbcfe18a",
            "tags": {
              "Name": "nat-to-subnet-32"
            },
            "tags_all": {
              "Name": "nat-to-subnet-32"
            },
            "timeouts": null
          },
          "sensitive_attributes": [],
          "private": "eyJlMmJmYjczMC1lY2FhLTExZTYtOGY4OC0zNDM2M2JjN2M0YzAiOnsiY3JlYXRlIjo2MDAwMDAwMDAwMDAsImRlbGV0ZSI6MTgwMDAwMDAwMDAwMCwidXBkYXRlIjo2MDAwMDAwMDAwMDB9fQ==",
          "dependencies": [
            "module.aws_vpc.aws_eip.elastic_ip",
            "module.aws_vpc.aws_internet_gateway.i_gateway",
            "module.aws_vpc.aws_subnet.public_subnets",
            "module.aws_vpc.aws_vpc.custom_vpc"
          ]
        }
      ]
    },
    {
      "module": "module.aws_vpc",
      "mode": "managed",
      "type": "aws_route",
      "name": "private_routes_many",
      "provider": "provider[\"registry.terraform.io/hashicorp/aws\"]",
      "instances": [
        {
          "index_key": 0,
          "schema_version": 0,
          "attributes": {
            "carrier_gateway_id": "",
            "core_network_arn": "",
            "destination_cidr_block": "0.0.0.0/0",
            "destination_ipv6_cidr_block": "",
            "destination_prefix_list_id": "",
            "egress_only_gateway_id": "",
            "gateway_id": "",
            "id": "r-rtb-0df140756a93c4dc51080289494",
            "instance_id": "",
            "instance_owner_id": "",
            "local_gateway_id": "",
            "nat_gateway_id": "nat-0c884142f0c4e2d03",
            "network_interface_id": "",
            "origin": "CreateRoute",
            "route_table_id": "rtb-0df140756a93c4dc5",
            "state": "active",
            "timeouts": null,
            "transit_gateway_id": "",
            "vpc_endpoint_id": "",
            "vpc_peering_connection_id": ""
          },
          "sensitive_attributes": [],
          "private": "eyJlMmJmYjczMC1lY2FhLTExZTYtOGY4OC0zNDM2M2JjN2M0YzAiOnsiY3JlYXRlIjozMDAwMDAwMDAwMDAsImRlbGV0ZSI6MzAwMDAwMDAwMDAwLCJ1cGRhdGUiOjEyMDAwMDAwMDAwMH19",
          "dependencies": [
            "module.aws_vpc.aws_eip.elastic_ip",
            "module.aws_vpc.aws_internet_gateway.i_gateway",
            "module.aws_vpc.aws_nat_gateway.nats",
            "module.aws_vpc.aws_route_table.private_tables",
            "module.aws_vpc.aws_subnet.public_subnets",
            "module.aws_vpc.aws_vpc.custom_vpc"
          ]
        },
        {
          "index_key": 1,
          "schema_version": 0,
          "attributes": {
            "carrier_gateway_id": "",
            "core_network_arn": "",
            "destination_cidr_block": "0.0.0.0/0",
            "destination_ipv6_cidr_block": "",
            "destination_prefix_list_id": "",
            "egress_only_gateway_id": "",
            "gateway_id": "",
            "id": "r-rtb-09b9e56542db24de31080289494",
            "instance_id": "",
            "instance_owner_id": "",
            "local_gateway_id": "",
            "nat_gateway_id": "nat-00a6b75fb988ab700",
            "network_interface_id": "",
            "origin": "CreateRoute",
            "route_table_id": "rtb-09b9e56542db24de3",
            "state": "active",
            "timeouts": null,
            "transit_gateway_id": "",
            "vpc_endpoint_id": "",
            "vpc_peering_connection_id": ""
          },
          "sensitive_attributes": [],
          "private": "eyJlMmJmYjczMC1lY2FhLTExZTYtOGY4OC0zNDM2M2JjN2M0YzAiOnsiY3JlYXRlIjozMDAwMDAwMDAwMDAsImRlbGV0ZSI6MzAwMDAwMDAwMDAwLCJ1cGRhdGUiOjEyMDAwMDAwMDAwMH19",
          "dependencies": [
            "module.aws_vpc.aws_eip.elastic_ip",
            "module.aws_vpc.aws_internet_gateway.i_gateway",
            "module.aws_vpc.aws_nat_gateway.nats",
            "module.aws_vpc.aws_route_table.private_tables",
            "module.aws_vpc.aws_subnet.public_subnets",
            "module.aws_vpc.aws_vpc.custom_vpc"
          ]
        }
      ]
    },
    {
      "module": "module.aws_vpc",
      "mode": "managed",
      "type": "aws_route",
      "name": "public_routes",
      "provider": "provider[\"registry.terraform.io/hashicorp/aws\"]",
      "instances": [
        {
          "index_key": 0,
          "schema_version": 0,
          "attributes": {
            "carrier_gateway_id": "",
            "core_network_arn": "",
            "destination_cidr_block": "0.0.0.0/0",
            "destination_ipv6_cidr_block": "",
            "destination_prefix_list_id": "",
            "egress_only_gateway_id": "",
            "gateway_id": "igw-0b3832231391ed58d",
            "id": "r-rtb-0732846a2fe61f10d1080289494",
            "instance_id": "",
            "instance_owner_id": "",
            "local_gateway_id": "",
            "nat_gateway_id": "",
            "network_interface_id": "",
            "origin": "CreateRoute",
            "route_table_id": "rtb-0732846a2fe61f10d",
            "state": "active",
            "timeouts": null,
            "transit_gateway_id": "",
            "vpc_endpoint_id": "",
            "vpc_peering_connection_id": ""
          },
          "sensitive_attributes": [],
          "private": "eyJlMmJmYjczMC1lY2FhLTExZTYtOGY4OC0zNDM2M2JjN2M0YzAiOnsiY3JlYXRlIjozMDAwMDAwMDAwMDAsImRlbGV0ZSI6MzAwMDAwMDAwMDAwLCJ1cGRhdGUiOjEyMDAwMDAwMDAwMH19",
          "dependencies": [
            "module.aws_vpc.aws_internet_gateway.i_gateway",
            "module.aws_vpc.aws_route_table.public_table",
            "module.aws_vpc.aws_vpc.custom_vpc"
          ]
        }
      ]
    },
    {
      "module": "module.aws_vpc",
      "mode": "managed",
      "type": "aws_route_table",
      "name": "private_tables",
      "provider": "provider[\"registry.terraform.io/hashicorp/aws\"]",
      "instances": [
        {
          "index_key": 0,
          "schema_version": 0,
          "attributes": {
            "arn": "arn:aws:ec2:sa-east-1:489047582581:route-table/rtb-0df140756a93c4dc5",
            "id": "rtb-0df140756a93c4dc5",
            "owner_id": "489047582581",
            "propagating_vgws": [],
            "route": [],
            "tags": {
              "Name": "route-to-nat-subnet-16"
            },
            "tags_all": {
              "Name": "route-to-nat-subnet-16"
            },
            "timeouts": null,
            "vpc_id": "vpc-066021df866b0eaf7"
          },
          "sensitive_attributes": [],
          "private": "eyJlMmJmYjczMC1lY2FhLTExZTYtOGY4OC0zNDM2M2JjN2M0YzAiOnsiY3JlYXRlIjozMDAwMDAwMDAwMDAsImRlbGV0ZSI6MzAwMDAwMDAwMDAwLCJ1cGRhdGUiOjEyMDAwMDAwMDAwMH19",
          "dependencies": [
            "module.aws_vpc.aws_vpc.custom_vpc"
          ]
        },
        {
          "index_key": 1,
          "schema_version": 0,
          "attributes": {
            "arn": "arn:aws:ec2:sa-east-1:489047582581:route-table/rtb-09b9e56542db24de3",
            "id": "rtb-09b9e56542db24de3",
            "owner_id": "489047582581",
            "propagating_vgws": [],
            "route": [],
            "tags": {
              "Name": "route-to-nat-subnet-32"
            },
            "tags_all": {
              "Name": "route-to-nat-subnet-32"
            },
            "timeouts": null,
            "vpc_id": "vpc-066021df866b0eaf7"
          },
          "sensitive_attributes": [],
          "private": "eyJlMmJmYjczMC1lY2FhLTExZTYtOGY4OC0zNDM2M2JjN2M0YzAiOnsiY3JlYXRlIjozMDAwMDAwMDAwMDAsImRlbGV0ZSI6MzAwMDAwMDAwMDAwLCJ1cGRhdGUiOjEyMDAwMDAwMDAwMH19",
          "dependencies": [
            "module.aws_vpc.aws_vpc.custom_vpc"
          ]
        }
      ]
    },
    {
      "module": "module.aws_vpc",
      "mode": "managed",
      "type": "aws_route_table",
      "name": "public_table",
      "provider": "provider[\"registry.terraform.io/hashicorp/aws\"]",
      "instances": [
        {
          "index_key": 0,
          "schema_version": 0,
          "attributes": {
            "arn": "arn:aws:ec2:sa-east-1:489047582581:route-table/rtb-0732846a2fe61f10d",
            "id": "rtb-0732846a2fe61f10d",
            "owner_id": "489047582581",
            "propagating_vgws": [],
            "route": [],
            "tags": {
              "Name": "route-to-igw"
            },
            "tags_all": {
              "Name": "route-to-igw"
            },
            "timeouts": null,
            "vpc_id": "vpc-066021df866b0eaf7"
          },
          "sensitive_attributes": [],
          "private": "eyJlMmJmYjczMC1lY2FhLTExZTYtOGY4OC0zNDM2M2JjN2M0YzAiOnsiY3JlYXRlIjozMDAwMDAwMDAwMDAsImRlbGV0ZSI6MzAwMDAwMDAwMDAwLCJ1cGRhdGUiOjEyMDAwMDAwMDAwMH19",
          "dependencies": [
            "module.aws_vpc.aws_vpc.custom_vpc"
          ]
        }
      ]
    },
    {
      "module": "module.aws_vpc",
      "mode": "managed",
      "type": "aws_route_table_association",
      "name": "assoc_private_routes_many",
      "provider": "provider[\"registry.terraform.io/hashicorp/aws\"]",
      "instances": [
        {
          "index_key": 0,
          "schema_version": 0,
          "attributes": {
            "gateway_id": "",
            "id": "rtbassoc-00a961a31781c542a",
            "route_table_id": "rtb-0df140756a93c4dc5",
            "subnet_id": "subnet-024814591f0c2f85f",
            "timeouts": null
          },
          "sensitive_attributes": [],
          "private": "eyJlMmJmYjczMC1lY2FhLTExZTYtOGY4OC0zNDM2M2JjN2M0YzAiOnsiY3JlYXRlIjozMDAwMDAwMDAwMDAsImRlbGV0ZSI6MzAwMDAwMDAwMDAwLCJ1cGRhdGUiOjEyMDAwMDAwMDAwMH19",
          "dependencies": [
            "module.aws_vpc.aws_eip.elastic_ip",
            "module.aws_vpc.aws_internet_gateway.i_gateway",
            "module.aws_vpc.aws_nat_gateway.nats",
            "module.aws_vpc.aws_route.private_routes_many",
            "module.aws_vpc.aws_route_table.private_tables",
            "module.aws_vpc.aws_subnet.private_subnets",
            "module.aws_vpc.aws_subnet.public_subnets",
            "module.aws_vpc.aws_vpc.custom_vpc"
          ]
        },
        {
          "index_key": 1,
          "schema_version": 0,
          "attributes": {
            "gateway_id": "",
            "id": "rtbassoc-0c06893f1b2ad921a",
            "route_table_id": "rtb-09b9e56542db24de3",
            "subnet_id": "subnet-0f433f205695b93c3",
            "timeouts": null
          },
          "sensitive_attributes": [],
          "private": "eyJlMmJmYjczMC1lY2FhLTExZTYtOGY4OC0zNDM2M2JjN2M0YzAiOnsiY3JlYXRlIjozMDAwMDAwMDAwMDAsImRlbGV0ZSI6MzAwMDAwMDAwMDAwLCJ1cGRhdGUiOjEyMDAwMDAwMDAwMH19",
          "dependencies": [
            "module.aws_vpc.aws_eip.elastic_ip",
            "module.aws_vpc.aws_internet_gateway.i_gateway",
            "module.aws_vpc.aws_nat_gateway.nats",
            "module.aws_vpc.aws_route.private_routes_many",
            "module.aws_vpc.aws_route_table.private_tables",
            "module.aws_vpc.aws_subnet.private_subnets",
            "module.aws_vpc.aws_subnet.public_subnets",
            "module.aws_vpc.aws_vpc.custom_vpc"
          ]
        }
      ]
    },
    {
      "module": "module.aws_vpc",
      "mode": "managed",
      "type": "aws_route_table_association",
      "name": "assoc_public_routes",
      "provider": "provider[\"registry.terraform.io/hashicorp/aws\"]",
      "instances": [
        {
          "index_key": 0,
          "schema_version": 0,
          "attributes": {
            "gateway_id": "",
            "id": "rtbassoc-02c7ca7b1149c1ff1",
            "route_table_id": "rtb-0732846a2fe61f10d",
            "subnet_id": "subnet-088619a04fab0d3cd",
            "timeouts": null
          },
          "sensitive_attributes": [],
          "private": "eyJlMmJmYjczMC1lY2FhLTExZTYtOGY4OC0zNDM2M2JjN2M0YzAiOnsiY3JlYXRlIjozMDAwMDAwMDAwMDAsImRlbGV0ZSI6MzAwMDAwMDAwMDAwLCJ1cGRhdGUiOjEyMDAwMDAwMDAwMH19",
          "dependencies": [
            "module.aws_vpc.aws_route_table.public_table",
            "module.aws_vpc.aws_subnet.public_subnets",
            "module.aws_vpc.aws_vpc.custom_vpc"
          ]
        },
        {
          "index_key": 1,
          "schema_version": 0,
          "attributes": {
            "gateway_id": "",
            "id": "rtbassoc-03acc2fee95b191bd",
            "route_table_id": "rtb-0732846a2fe61f10d",
            "subnet_id": "subnet-0084c0810dbcfe18a",
            "timeouts": null
          },
          "sensitive_attributes": [],
          "private": "eyJlMmJmYjczMC1lY2FhLTExZTYtOGY4OC0zNDM2M2JjN2M0YzAiOnsiY3JlYXRlIjozMDAwMDAwMDAwMDAsImRlbGV0ZSI6MzAwMDAwMDAwMDAwLCJ1cGRhdGUiOjEyMDAwMDAwMDAwMH19",
          "dependencies": [
            "module.aws_vpc.aws_route_table.public_table",
            "module.aws_vpc.aws_subnet.public_subnets",
            "module.aws_vpc.aws_vpc.custom_vpc"
          ]
        }
      ]
    },
    {
      "module": "module.aws_vpc",
      "mode": "managed",
      "type": "aws_security_group",
      "name": "sec_groups",
      "provider": "provider[\"registry.terraform.io/hashicorp/aws\"]",
      "instances": [
        {
          "index_key": "http-https-traffic",
          "schema_version": 1,
          "attributes": {
            "arn": "arn:aws:ec2:sa-east-1:489047582581:security-group/sg-07c333593bc9b6c05",
            "description": "Http and Https application trafic.",
            "egress": [],
            "id": "sg-07c333593bc9b6c05",
            "ingress": [
              {
                "cidr_blocks": [
                  "0.0.0.0/0"
                ],
                "description": "Allow HTTP",
                "from_port": 80,
                "ipv6_cidr_blocks": [],
                "prefix_list_ids": [],
                "protocol": "tcp",
                "security_groups": [],
                "self": false,
                "to_port": 80
              },
              {
                "cidr_blocks": [
                  "0.0.0.0/0"
                ],
                "description": "Allow HTTPS",
                "from_port": 443,
                "ipv6_cidr_blocks": [],
                "prefix_list_ids": [],
                "protocol": "tcp",
                "security_groups": [],
                "self": false,
                "to_port": 443
              }
            ],
            "name": "http-elb-for-eks-sg",
            "name_prefix": "",
            "owner_id": "489047582581",
            "revoke_rules_on_delete": false,
            "tags": {
              "Name": "http-https-traffic"
            },
            "tags_all": {
              "Name": "http-https-traffic"
            },
            "timeouts": null,
            "vpc_id": "vpc-066021df866b0eaf7"
          },
          "sensitive_attributes": [],
          "private": "eyJlMmJmYjczMC1lY2FhLTExZTYtOGY4OC0zNDM2M2JjN2M0YzAiOnsiY3JlYXRlIjo2MDAwMDAwMDAwMDAsImRlbGV0ZSI6OTAwMDAwMDAwMDAwfSwic2NoZW1hX3ZlcnNpb24iOiIxIn0=",
          "dependencies": [
            "module.aws_vpc.aws_vpc.custom_vpc"
          ]
        },
        {
          "index_key": "icmp-ssh-traffic",
          "schema_version": 1,
          "attributes": {
            "arn": "arn:aws:ec2:sa-east-1:489047582581:security-group/sg-0519ba2149fbde8c0",
            "description": "Troubleshooting (icmp, ssh) application trafic.",
            "egress": [],
            "id": "sg-0519ba2149fbde8c0",
            "ingress": [
              {
                "cidr_blocks": [
                  "0.0.0.0/0"
                ],
                "description": "Allow ICMP",
                "from_port": 8,
                "ipv6_cidr_blocks": [],
                "prefix_list_ids": [],
                "protocol": "icmp",
                "security_groups": [],
                "self": false,
                "to_port": 0
              },
              {
                "cidr_blocks": [
                  "0.0.0.0/0"
                ],
                "description": "Allow SSH",
                "from_port": 22,
                "ipv6_cidr_blocks": [],
                "prefix_list_ids": [],
                "protocol": "tcp",
                "security_groups": [],
                "self": false,
                "to_port": 22
              }
            ],
            "name": "icmp-elb-for-eks-sg",
            "name_prefix": "",
            "owner_id": "489047582581",
            "revoke_rules_on_delete": false,
            "tags": {
              "Name": "icmp-ssh-traffic"
            },
            "tags_all": {
              "Name": "icmp-ssh-traffic"
            },
            "timeouts": null,
            "vpc_id": "vpc-066021df866b0eaf7"
          },
          "sensitive_attributes": [],
          "private": "eyJlMmJmYjczMC1lY2FhLTExZTYtOGY4OC0zNDM2M2JjN2M0YzAiOnsiY3JlYXRlIjo2MDAwMDAwMDAwMDAsImRlbGV0ZSI6OTAwMDAwMDAwMDAwfSwic2NoZW1hX3ZlcnNpb24iOiIxIn0=",
          "dependencies": [
            "module.aws_vpc.aws_vpc.custom_vpc"
          ]
        }
      ]
    },
    {
      "module": "module.aws_vpc",
      "mode": "managed",
      "type": "aws_subnet",
      "name": "private_subnets",
      "provider": "provider[\"registry.terraform.io/hashicorp/aws\"]",
      "instances": [
        {
          "index_key": 0,
          "schema_version": 1,
          "attributes": {
            "arn": "arn:aws:ec2:sa-east-1:489047582581:subnet/subnet-024814591f0c2f85f",
            "assign_ipv6_address_on_creation": false,
            "availability_zone": "sa-east-1a",
            "availability_zone_id": "sae1-az1",
            "cidr_block": "10.1.48.0/20",
            "customer_owned_ipv4_pool": "",
            "enable_dns64": false,
            "enable_lni_at_device_index": 0,
            "enable_resource_name_dns_a_record_on_launch": false,
            "enable_resource_name_dns_aaaa_record_on_launch": false,
            "id": "subnet-024814591f0c2f85f",
            "ipv6_cidr_block": "",
            "ipv6_cidr_block_association_id": "",
            "ipv6_native": false,
            "map_customer_owned_ip_on_launch": false,
            "map_public_ip_on_launch": false,
            "outpost_arn": "",
            "owner_id": "489047582581",
            "private_dns_hostname_type_on_launch": "ip-name",
            "tags": {
              "Name": "subnet-48",
              "kubernetes.io/role/internal-elb": "1"
            },
            "tags_all": {
              "Name": "subnet-48",
              "kubernetes.io/role/internal-elb": "1"
            },
            "timeouts": null,
            "vpc_id": "vpc-066021df866b0eaf7"
          },
          "sensitive_attributes": [],
          "private": "eyJlMmJmYjczMC1lY2FhLTExZTYtOGY4OC0zNDM2M2JjN2M0YzAiOnsiY3JlYXRlIjo2MDAwMDAwMDAwMDAsImRlbGV0ZSI6MTIwMDAwMDAwMDAwMH0sInNjaGVtYV92ZXJzaW9uIjoiMSJ9",
          "dependencies": [
            "module.aws_vpc.aws_vpc.custom_vpc"
          ]
        },
        {
          "index_key": 1,
          "schema_version": 1,
          "attributes": {
            "arn": "arn:aws:ec2:sa-east-1:489047582581:subnet/subnet-0f433f205695b93c3",
            "assign_ipv6_address_on_creation": false,
            "availability_zone": "sa-east-1b",
            "availability_zone_id": "sae1-az2",
            "cidr_block": "10.1.64.0/20",
            "customer_owned_ipv4_pool": "",
            "enable_dns64": false,
            "enable_lni_at_device_index": 0,
            "enable_resource_name_dns_a_record_on_launch": false,
            "enable_resource_name_dns_aaaa_record_on_launch": false,
            "id": "subnet-0f433f205695b93c3",
            "ipv6_cidr_block": "",
            "ipv6_cidr_block_association_id": "",
            "ipv6_native": false,
            "map_customer_owned_ip_on_launch": false,
            "map_public_ip_on_launch": false,
            "outpost_arn": "",
            "owner_id": "489047582581",
            "private_dns_hostname_type_on_launch": "ip-name",
            "tags": {
              "Name": "subnet-64",
              "kubernetes.io/role/internal-elb": "1"
            },
            "tags_all": {
              "Name": "subnet-64",
              "kubernetes.io/role/internal-elb": "1"
            },
            "timeouts": null,
            "vpc_id": "vpc-066021df866b0eaf7"
          },
          "sensitive_attributes": [],
          "private": "eyJlMmJmYjczMC1lY2FhLTExZTYtOGY4OC0zNDM2M2JjN2M0YzAiOnsiY3JlYXRlIjo2MDAwMDAwMDAwMDAsImRlbGV0ZSI6MTIwMDAwMDAwMDAwMH0sInNjaGVtYV92ZXJzaW9uIjoiMSJ9",
          "dependencies": [
            "module.aws_vpc.aws_vpc.custom_vpc"
          ]
        }
      ]
    },
    {
      "module": "module.aws_vpc",
      "mode": "managed",
      "type": "aws_subnet",
      "name": "public_subnets",
      "provider": "provider[\"registry.terraform.io/hashicorp/aws\"]",
      "instances": [
        {
          "index_key": 0,
          "schema_version": 1,
          "attributes": {
            "arn": "arn:aws:ec2:sa-east-1:489047582581:subnet/subnet-088619a04fab0d3cd",
            "assign_ipv6_address_on_creation": false,
            "availability_zone": "sa-east-1a",
            "availability_zone_id": "sae1-az1",
            "cidr_block": "10.1.16.0/20",
            "customer_owned_ipv4_pool": "",
            "enable_dns64": false,
            "enable_lni_at_device_index": 0,
            "enable_resource_name_dns_a_record_on_launch": false,
            "enable_resource_name_dns_aaaa_record_on_launch": false,
            "id": "subnet-088619a04fab0d3cd",
            "ipv6_cidr_block": "",
            "ipv6_cidr_block_association_id": "",
            "ipv6_native": false,
            "map_customer_owned_ip_on_launch": false,
            "map_public_ip_on_launch": true,
            "outpost_arn": "",
            "owner_id": "489047582581",
            "private_dns_hostname_type_on_launch": "ip-name",
            "tags": {
              "Name": "subnet-16",
              "kubernetes.io/role/elb": "1"
            },
            "tags_all": {
              "Name": "subnet-16",
              "kubernetes.io/role/elb": "1"
            },
            "timeouts": null,
            "vpc_id": "vpc-066021df866b0eaf7"
          },
          "sensitive_attributes": [],
          "private": "eyJlMmJmYjczMC1lY2FhLTExZTYtOGY4OC0zNDM2M2JjN2M0YzAiOnsiY3JlYXRlIjo2MDAwMDAwMDAwMDAsImRlbGV0ZSI6MTIwMDAwMDAwMDAwMH0sInNjaGVtYV92ZXJzaW9uIjoiMSJ9",
          "dependencies": [
            "module.aws_vpc.aws_vpc.custom_vpc"
          ]
        },
        {
          "index_key": 1,
          "schema_version": 1,
          "attributes": {
            "arn": "arn:aws:ec2:sa-east-1:489047582581:subnet/subnet-0084c0810dbcfe18a",
            "assign_ipv6_address_on_creation": false,
            "availability_zone": "sa-east-1b",
            "availability_zone_id": "sae1-az2",
            "cidr_block": "10.1.32.0/20",
            "customer_owned_ipv4_pool": "",
            "enable_dns64": false,
            "enable_lni_at_device_index": 0,
            "enable_resource_name_dns_a_record_on_launch": false,
            "enable_resource_name_dns_aaaa_record_on_launch": false,
            "id": "subnet-0084c0810dbcfe18a",
            "ipv6_cidr_block": "",
            "ipv6_cidr_block_association_id": "",
            "ipv6_native": false,
            "map_customer_owned_ip_on_launch": false,
            "map_public_ip_on_launch": true,
            "outpost_arn": "",
            "owner_id": "489047582581",
            "private_dns_hostname_type_on_launch": "ip-name",
            "tags": {
              "Name": "subnet-32",
              "kubernetes.io/role/elb": "1"
            },
            "tags_all": {
              "Name": "subnet-32",
              "kubernetes.io/role/elb": "1"
            },
            "timeouts": null,
            "vpc_id": "vpc-066021df866b0eaf7"
          },
          "sensitive_attributes": [],
          "private": "eyJlMmJmYjczMC1lY2FhLTExZTYtOGY4OC0zNDM2M2JjN2M0YzAiOnsiY3JlYXRlIjo2MDAwMDAwMDAwMDAsImRlbGV0ZSI6MTIwMDAwMDAwMDAwMH0sInNjaGVtYV92ZXJzaW9uIjoiMSJ9",
          "dependencies": [
            "module.aws_vpc.aws_vpc.custom_vpc"
          ]
        }
      ]
    },
    {
      "module": "module.aws_vpc",
      "mode": "managed",
      "type": "aws_vpc",
      "name": "custom_vpc",
      "provider": "provider[\"registry.terraform.io/hashicorp/aws\"]",
      "instances": [
        {
          "schema_version": 1,
          "attributes": {
            "arn": "arn:aws:ec2:sa-east-1:489047582581:vpc/vpc-066021df866b0eaf7",
            "assign_generated_ipv6_cidr_block": false,
            "cidr_block": "10.1.0.0/16",
            "default_network_acl_id": "acl-07be647e7fbefa558",
            "default_route_table_id": "rtb-097c1b603bdd70921",
            "default_security_group_id": "sg-027b3535346083da6",
            "dhcp_options_id": "dopt-03d374a395d10fd5a",
            "enable_dns_hostnames": false,
            "enable_dns_support": true,
            "enable_network_address_usage_metrics": false,
            "id": "vpc-066021df866b0eaf7",
            "instance_tenancy": "default",
            "ipv4_ipam_pool_id": null,
            "ipv4_netmask_length": null,
            "ipv6_association_id": "",
            "ipv6_cidr_block": "",
            "ipv6_cidr_block_network_border_group": "",
            "ipv6_ipam_pool_id": "",
            "ipv6_netmask_length": 0,
            "main_route_table_id": "rtb-097c1b603bdd70921",
            "owner_id": "489047582581",
            "tags": {
              "Name": "custom-vpc"
            },
            "tags_all": {
              "Name": "custom-vpc"
            }
          },
          "sensitive_attributes": [],
          "private": "eyJzY2hlbWFfdmVyc2lvbiI6IjEifQ=="
        }
      ]
    }
  ],
  "check_results": null
}
