{
  "version": 4,
  "terraform_version": "1.10.5",
  "serial": 14,
  "lineage": "17d59bcc-a4c4-9e15-8d95-4316bb214ab2",
  "outputs": {
    "eks-name": {
      "value": "my-eks",
      "type": "string"
    },
    "identity-oidc-issuer": {
      "value": "https://oidc.eks.sa-east-1.amazonaws.com/id/90C7F58AD1608E63595A5E9A592F2142",
      "type": "string"
    },
    "node-group-role-name": {
      "value": "my-eks-ng-role",
      "type": "string"
    }
  },
  "resources": [
    {
      "mode": "data",
      "type": "aws_eks_cluster",
      "name": "my-aws-cluster",
      "provider": "provider[\"registry.terraform.io/hashicorp/aws\"]",
      "instances": [
        {
          "schema_version": 0,
          "attributes": {
            "access_config": [
              {
                "authentication_mode": "CONFIG_MAP"
              }
            ],
            "arn": "arn:aws:eks:sa-east-1:489047582581:cluster/my-eks",
            "certificate_authority": [
              {
                "data": "LS0tLS1CRUdJTiBDRVJUSUZJQ0FURS0tLS0tCk1JSURCVENDQWUyZ0F3SUJBZ0lJWEVoYlE3YmliMmN3RFFZSktvWklodmNOQVFFTEJRQXdGVEVUTUJFR0ExVUUKQXhNS2EzVmlaWEp1WlhSbGN6QWVGdzB5TlRBeU1UVXhNekV6TVRkYUZ3MHpOVEF5TVRNeE16RTRNVGRhTUJVeApFekFSQmdOVkJBTVRDbXQxWW1WeWJtVjBaWE13Z2dFaU1BMEdDU3FHU0liM0RRRUJBUVVBQTRJQkR3QXdnZ0VLCkFvSUJBUURFWkxZcFJZVzh4cmZvRUVSb2hPVitoU2orYy91YUtJMGpkbS9vaE9zUjRwMjdEalpLT3V6SDF6TEQKaERVelJudTk3N2RWUDJmNlI4VDZaNkhRUUtpVi9ZQmJla2FvYjJ4R1JRaHRQaldyc2IxSktCN09JY0RIdXp6Lwo2VWFaaXdqRTRhTHFqV3pjYXFIckpYbzJXMFhoNmIyamtHbjFEb2Q4MHNnK0FGWW5DK2VEZ3NqNi8xSGZBb0FFCklzU2FFOWhpQ01DeitKK2FVWHg0Z1VLT3cvSWh2L2lOSHlOQ0FJTGlaZmVRY1BPVStxVjRTZEFqeko3emkxdnYKeml4NFRlVkd4a29mMEdMZmlwb2tYQkFyeHRWb2U2d0JYMHhxaENQU0luUTJCb2k3aE9XTXF0cWdaR1RCRVJ5RwpUNGZNVWNlK2xZVXUyNWprU0dGZXduQXlJRzBwQWdNQkFBR2pXVEJYTUE0R0ExVWREd0VCL3dRRUF3SUNwREFQCkJnTlZIUk1CQWY4RUJUQURBUUgvTUIwR0ExVWREZ1FXQkJTdFppK3k1cGtnUmVROWMvZVlJSGYvSUVIaGxEQVYKQmdOVkhSRUVEakFNZ2dwcmRXSmxjbTVsZEdWek1BMEdDU3FHU0liM0RRRUJDd1VBQTRJQkFRQ1dkb3BoUDdMQQpUYUV3eDNwTWk4L0tKS0NLNnNhbWp3b1VDeGR2Z0FROGh5OFo1Z09jU3NMQzNqMFBjNFFpUFFVY0lJL3FTbFNqCmkvQys5ZlB6eUNta0lmSVZqS0pQSk9Rb3BXY28zRmZndmZzNDV4QTVERkZMR2Z5QXg0cXJpVmEvVUxYc0NlWTMKcFNGTkZicWFFR2pOem5oUFhKUnlDUGduZUNxUGU1ejI3bElBVGlnd3UrRkJtT3h2WTV3NnBVZ01nOFNVVEZ1TgpidEVVejFGaXlFQ0hsWUQ2MkEyenZhRWQ2dmV0ZzltVkJHSHc5b20yYXEwdXFmYTA2S0Z0dWVTYktVcGlEbGw3CkpFS1hqaURkcHlReXVtMHdlak9sMlpNVmRiQVl0WjhhYjNpekZSa1JQajd0bjZhZ2ZLRlFPYW9ueEhGS2tocWIKalg2MHRsUHp2KzcwCi0tLS0tRU5EIENFUlRJRklDQVRFLS0tLS0K"
              }
            ],
            "cluster_id": null,
            "created_at": "2025-02-15 13:13:41.327 +0000 UTC",
            "enabled_cluster_log_types": [
              "api",
              "audit"
            ],
            "endpoint": "https://90C7F58AD1608E63595A5E9A592F2142.gr7.sa-east-1.eks.amazonaws.com",
            "id": "my-eks",
            "identity": [
              {
                "oidc": [
                  {
                    "issuer": "https://oidc.eks.sa-east-1.amazonaws.com/id/90C7F58AD1608E63595A5E9A592F2142"
                  }
                ]
              }
            ],
            "kubernetes_network_config": [
              {
                "ip_family": "ipv4",
                "service_ipv4_cidr": "172.20.0.0/16",
                "service_ipv6_cidr": ""
              }
            ],
            "name": "my-eks",
            "outpost_config": [],
            "platform_version": "eks.27",
            "role_arn": "arn:aws:iam::489047582581:role/my-eks-role",
            "status": "ACTIVE",
            "tags": {},
            "version": "1.30",
            "vpc_config": [
              {
                "cluster_security_group_id": "sg-0c91a0656147f7c87",
                "endpoint_private_access": false,
                "endpoint_public_access": true,
                "public_access_cidrs": [
                  "0.0.0.0/0"
                ],
                "security_group_ids": [
                  "sg-04005fbb05f69aafa",
                  "sg-0ca2776e8f03f2a84"
                ],
                "subnet_ids": [
                  "subnet-0348b5d276a2dd619",
                  "subnet-08f5237b7d58ef398"
                ],
                "vpc_id": "vpc-0b12b9b705b9cd6ed"
              }
            ]
          },
          "sensitive_attributes": []
        }
      ]
    },
    {
      "mode": "data",
      "type": "aws_eks_cluster_auth",
      "name": "my-aws-cluster-auth",
      "provider": "provider[\"registry.terraform.io/hashicorp/aws\"]",
      "instances": [
        {
          "schema_version": 0,
          "attributes": {
            "id": "my-eks",
            "name": "my-eks",
            "token": "k8s-aws-v1.aHR0cHM6Ly9zdHMuc2EtZWFzdC0xLmFtYXpvbmF3cy5jb20vP0FjdGlvbj1HZXRDYWxsZXJJZGVudGl0eSZWZXJzaW9uPTIwMTEtMDYtMTUmWC1BbXotQWxnb3JpdGhtPUFXUzQtSE1BQy1TSEEyNTYmWC1BbXotQ3JlZGVudGlhbD1BS0lBWERYTUI0NTJYREhLN0tDWCUyRjIwMjUwMjE1JTJGc2EtZWFzdC0xJTJGc3RzJTJGYXdzNF9yZXF1ZXN0JlgtQW16LURhdGU9MjAyNTAyMTVUMTMxMzI5WiZYLUFtei1FeHBpcmVzPTAmWC1BbXotU2lnbmVkSGVhZGVycz1ob3N0JTNCeC1rOHMtYXdzLWlkJlgtQW16LVNpZ25hdHVyZT0zYjdiYTE4YTVmODMzNWI3NWNjYzExYTFiMDA5ZjUyNzI1ZmIzNmMyZGNmN2Y4MTEyOTU0ZmYwMTY3ZTNhOWZm"
          },
          "sensitive_attributes": [
            [
              {
                "type": "get_attr",
                "value": "token"
              }
            ]
          ]
        }
      ]
    },
    {
      "mode": "data",
      "type": "terraform_remote_state",
      "name": "l0-vpc",
      "provider": "provider[\"terraform.io/builtin/terraform\"]",
      "instances": [
        {
          "schema_version": 0,
          "attributes": {
            "backend": "local",
            "config": {
              "value": {
                "path": "../tfstate/l0-vpc.tfstate"
              },
              "type": [
                "object",
                {
                  "path": "string"
                }
              ]
            },
            "defaults": null,
            "outputs": {
              "value": {
                "private_subnets_id": [
                  [
                    "subnet-08f5237b7d58ef398",
                    "subnet-0348b5d276a2dd619"
                  ]
                ],
                "public_subnets_id": [
                  [
                    "subnet-024e656feb2ebe875",
                    "subnet-0746975718c0ca227"
                  ]
                ],
                "security_groups_id": [
                  "sg-04005fbb05f69aafa",
                  "sg-0ca2776e8f03f2a84"
                ]
              },
              "type": [
                "object",
                {
                  "private_subnets_id": [
                    "tuple",
                    [
                      [
                        "tuple",
                        [
                          "string",
                          "string"
                        ]
                      ]
                    ]
                  ],
                  "public_subnets_id": [
                    "tuple",
                    [
                      [
                        "tuple",
                        [
                          "string",
                          "string"
                        ]
                      ]
                    ]
                  ],
                  "security_groups_id": [
                    "tuple",
                    [
                      "string",
                      "string"
                    ]
                  ]
                }
              ]
            },
            "workspace": null
          },
          "sensitive_attributes": []
        }
      ]
    },
    {
      "module": "module.my-cluster",
      "mode": "data",
      "type": "aws_iam_policy_document",
      "name": "assume_role",
      "provider": "provider[\"registry.terraform.io/hashicorp/aws\"]",
      "instances": [
        {
          "schema_version": 0,
          "attributes": {
            "id": "3552664922",
            "json": "{\n  \"Version\": \"2012-10-17\",\n  \"Statement\": [\n    {\n      \"Effect\": \"Allow\",\n      \"Action\": \"sts:AssumeRole\",\n      \"Principal\": {\n        \"Service\": \"eks.amazonaws.com\"\n      }\n    }\n  ]\n}",
            "minified_json": "{\"Version\":\"2012-10-17\",\"Statement\":[{\"Effect\":\"Allow\",\"Action\":\"sts:AssumeRole\",\"Principal\":{\"Service\":\"eks.amazonaws.com\"}}]}",
            "override_json": null,
            "override_policy_documents": null,
            "policy_id": null,
            "source_json": null,
            "source_policy_documents": null,
            "statement": [
              {
                "actions": [
                  "sts:AssumeRole"
                ],
                "condition": [],
                "effect": "Allow",
                "not_actions": [],
                "not_principals": [],
                "not_resources": [],
                "principals": [
                  {
                    "identifiers": [
                      "eks.amazonaws.com"
                    ],
                    "type": "Service"
                  }
                ],
                "resources": [],
                "sid": ""
              }
            ],
            "version": "2012-10-17"
          },
          "sensitive_attributes": []
        }
      ]
    },
    {
      "module": "module.my-cluster",
      "mode": "managed",
      "type": "aws_cloudwatch_log_group",
      "name": "my-eks-cloudwatch",
      "provider": "provider[\"registry.terraform.io/hashicorp/aws\"]",
      "instances": [
        {
          "index_key": 0,
          "schema_version": 0,
          "attributes": {
            "arn": "arn:aws:logs:sa-east-1:489047582581:log-group:/aws/eks/my-eks/cluster",
            "id": "/aws/eks/my-eks/cluster",
            "kms_key_id": "",
            "log_group_class": "STANDARD",
            "name": "/aws/eks/my-eks/cluster",
            "name_prefix": "",
            "retention_in_days": 7,
            "skip_destroy": false,
            "tags": null,
            "tags_all": {}
          },
          "sensitive_attributes": [],
          "private": "bnVsbA=="
        }
      ]
    },
    {
      "module": "module.my-cluster",
      "mode": "managed",
      "type": "aws_eks_cluster",
      "name": "my-cluster",
      "provider": "provider[\"registry.terraform.io/hashicorp/aws\"]",
      "instances": [
        {
          "schema_version": 0,
          "attributes": {
            "access_config": [
              {
                "authentication_mode": "CONFIG_MAP",
                "bootstrap_cluster_creator_admin_permissions": false
              }
            ],
            "arn": "arn:aws:eks:sa-east-1:489047582581:cluster/my-eks",
            "certificate_authority": [
              {
                "data": "LS0tLS1CRUdJTiBDRVJUSUZJQ0FURS0tLS0tCk1JSURCVENDQWUyZ0F3SUJBZ0lJWEVoYlE3YmliMmN3RFFZSktvWklodmNOQVFFTEJRQXdGVEVUTUJFR0ExVUUKQXhNS2EzVmlaWEp1WlhSbGN6QWVGdzB5TlRBeU1UVXhNekV6TVRkYUZ3MHpOVEF5TVRNeE16RTRNVGRhTUJVeApFekFSQmdOVkJBTVRDbXQxWW1WeWJtVjBaWE13Z2dFaU1BMEdDU3FHU0liM0RRRUJBUVVBQTRJQkR3QXdnZ0VLCkFvSUJBUURFWkxZcFJZVzh4cmZvRUVSb2hPVitoU2orYy91YUtJMGpkbS9vaE9zUjRwMjdEalpLT3V6SDF6TEQKaERVelJudTk3N2RWUDJmNlI4VDZaNkhRUUtpVi9ZQmJla2FvYjJ4R1JRaHRQaldyc2IxSktCN09JY0RIdXp6Lwo2VWFaaXdqRTRhTHFqV3pjYXFIckpYbzJXMFhoNmIyamtHbjFEb2Q4MHNnK0FGWW5DK2VEZ3NqNi8xSGZBb0FFCklzU2FFOWhpQ01DeitKK2FVWHg0Z1VLT3cvSWh2L2lOSHlOQ0FJTGlaZmVRY1BPVStxVjRTZEFqeko3emkxdnYKeml4NFRlVkd4a29mMEdMZmlwb2tYQkFyeHRWb2U2d0JYMHhxaENQU0luUTJCb2k3aE9XTXF0cWdaR1RCRVJ5RwpUNGZNVWNlK2xZVXUyNWprU0dGZXduQXlJRzBwQWdNQkFBR2pXVEJYTUE0R0ExVWREd0VCL3dRRUF3SUNwREFQCkJnTlZIUk1CQWY4RUJUQURBUUgvTUIwR0ExVWREZ1FXQkJTdFppK3k1cGtnUmVROWMvZVlJSGYvSUVIaGxEQVYKQmdOVkhSRUVEakFNZ2dwcmRXSmxjbTVsZEdWek1BMEdDU3FHU0liM0RRRUJDd1VBQTRJQkFRQ1dkb3BoUDdMQQpUYUV3eDNwTWk4L0tKS0NLNnNhbWp3b1VDeGR2Z0FROGh5OFo1Z09jU3NMQzNqMFBjNFFpUFFVY0lJL3FTbFNqCmkvQys5ZlB6eUNta0lmSVZqS0pQSk9Rb3BXY28zRmZndmZzNDV4QTVERkZMR2Z5QXg0cXJpVmEvVUxYc0NlWTMKcFNGTkZicWFFR2pOem5oUFhKUnlDUGduZUNxUGU1ejI3bElBVGlnd3UrRkJtT3h2WTV3NnBVZ01nOFNVVEZ1TgpidEVVejFGaXlFQ0hsWUQ2MkEyenZhRWQ2dmV0ZzltVkJHSHc5b20yYXEwdXFmYTA2S0Z0dWVTYktVcGlEbGw3CkpFS1hqaURkcHlReXVtMHdlak9sMlpNVmRiQVl0WjhhYjNpekZSa1JQajd0bjZhZ2ZLRlFPYW9ueEhGS2tocWIKalg2MHRsUHp2KzcwCi0tLS0tRU5EIENFUlRJRklDQVRFLS0tLS0K"
              }
            ],
            "cluster_id": null,
            "created_at": "2025-02-15 13:13:41.327 +0000 UTC",
            "enabled_cluster_log_types": [
              "api",
              "audit"
            ],
            "encryption_config": [],
            "endpoint": "https://90C7F58AD1608E63595A5E9A592F2142.gr7.sa-east-1.eks.amazonaws.com",
            "id": "my-eks",
            "identity": [
              {
                "oidc": [
                  {
                    "issuer": "https://oidc.eks.sa-east-1.amazonaws.com/id/90C7F58AD1608E63595A5E9A592F2142"
                  }
                ]
              }
            ],
            "kubernetes_network_config": [
              {
                "ip_family": "ipv4",
                "service_ipv4_cidr": "172.20.0.0/16",
                "service_ipv6_cidr": ""
              }
            ],
            "name": "my-eks",
            "outpost_config": [],
            "platform_version": "eks.27",
            "role_arn": "arn:aws:iam::489047582581:role/my-eks-role",
            "status": "ACTIVE",
            "tags": null,
            "tags_all": {},
            "timeouts": null,
            "version": "1.30",
            "vpc_config": [
              {
                "cluster_security_group_id": "sg-0c91a0656147f7c87",
                "endpoint_private_access": false,
                "endpoint_public_access": true,
                "public_access_cidrs": [
                  "0.0.0.0/0"
                ],
                "security_group_ids": [
                  "sg-04005fbb05f69aafa",
                  "sg-0ca2776e8f03f2a84"
                ],
                "subnet_ids": [
                  "subnet-0348b5d276a2dd619",
                  "subnet-08f5237b7d58ef398"
                ],
                "vpc_id": "vpc-0b12b9b705b9cd6ed"
              }
            ]
          },
          "sensitive_attributes": [],
          "private": "eyJlMmJmYjczMC1lY2FhLTExZTYtOGY4OC0zNDM2M2JjN2M0YzAiOnsiY3JlYXRlIjoxODAwMDAwMDAwMDAwLCJkZWxldGUiOjkwMDAwMDAwMDAwMCwidXBkYXRlIjozNjAwMDAwMDAwMDAwfX0=",
          "dependencies": [
            "data.terraform_remote_state.l0-vpc",
            "module.my-cluster.aws_cloudwatch_log_group.my-eks-cloudwatch",
            "module.my-cluster.aws_iam_role.eks-cluster-role-create",
            "module.my-cluster.aws_iam_role_policy_attachment.eks-cluster-AmazonEKSClusterPolicy",
            "module.my-cluster.aws_iam_role_policy_attachment.eks-cluster-AmazonEKSVPCResourceController",
            "module.my-cluster.data.aws_iam_policy_document.assume_role",
            "module.my-cluster.data.aws_iam_role.eks-cluster-role-use"
          ]
        }
      ]
    },
    {
      "module": "module.my-cluster",
      "mode": "managed",
      "type": "aws_iam_role",
      "name": "eks-cluster-role-create",
      "provider": "provider[\"registry.terraform.io/hashicorp/aws\"]",
      "instances": [
        {
          "index_key": 0,
          "schema_version": 0,
          "attributes": {
            "arn": "arn:aws:iam::489047582581:role/my-eks-role",
            "assume_role_policy": "{\"Statement\":[{\"Action\":\"sts:AssumeRole\",\"Effect\":\"Allow\",\"Principal\":{\"Service\":\"eks.amazonaws.com\"}}],\"Version\":\"2012-10-17\"}",
            "create_date": "2025-02-15T13:13:37Z",
            "description": "",
            "force_detach_policies": false,
            "id": "my-eks-role",
            "inline_policy": [],
            "managed_policy_arns": [],
            "max_session_duration": 3600,
            "name": "my-eks-role",
            "name_prefix": "",
            "path": "/",
            "permissions_boundary": "",
            "tags": null,
            "tags_all": {},
            "unique_id": "AROAXDXMB452YEJX7KAFM"
          },
          "sensitive_attributes": [],
          "private": "bnVsbA==",
          "dependencies": [
            "module.my-cluster.data.aws_iam_policy_document.assume_role"
          ]
        }
      ]
    },
    {
      "module": "module.my-cluster",
      "mode": "managed",
      "type": "aws_iam_role_policy_attachment",
      "name": "eks-cluster-AmazonEKSClusterPolicy",
      "provider": "provider[\"registry.terraform.io/hashicorp/aws\"]",
      "instances": [
        {
          "index_key": 0,
          "schema_version": 0,
          "attributes": {
            "id": "my-eks-role-20250215131339203700000002",
            "policy_arn": "arn:aws:iam::aws:policy/AmazonEKSClusterPolicy",
            "role": "my-eks-role"
          },
          "sensitive_attributes": [],
          "private": "bnVsbA==",
          "dependencies": [
            "module.my-cluster.aws_iam_role.eks-cluster-role-create",
            "module.my-cluster.data.aws_iam_policy_document.assume_role",
            "module.my-cluster.data.aws_iam_role.eks-cluster-role-use"
          ]
        }
      ]
    },
    {
      "module": "module.my-cluster",
      "mode": "managed",
      "type": "aws_iam_role_policy_attachment",
      "name": "eks-cluster-AmazonEKSVPCResourceController",
      "provider": "provider[\"registry.terraform.io/hashicorp/aws\"]",
      "instances": [
        {
          "index_key": 0,
          "schema_version": 0,
          "attributes": {
            "id": "my-eks-role-20250215131339002300000001",
            "policy_arn": "arn:aws:iam::aws:policy/AmazonEKSVPCResourceController",
            "role": "my-eks-role"
          },
          "sensitive_attributes": [],
          "private": "bnVsbA==",
          "dependencies": [
            "module.my-cluster.aws_iam_role.eks-cluster-role-create",
            "module.my-cluster.data.aws_iam_policy_document.assume_role",
            "module.my-cluster.data.aws_iam_role.eks-cluster-role-use"
          ]
        }
      ]
    },
    {
      "module": "module.my-namespaces",
      "mode": "managed",
      "type": "kubernetes_namespace",
      "name": "example",
      "provider": "provider[\"registry.terraform.io/hashicorp/kubernetes\"]",
      "instances": [
        {
          "index_key": "metadata1",
          "schema_version": 0,
          "attributes": {
            "id": "alb-controller",
            "metadata": [
              {
                "annotations": null,
                "generate_name": "",
                "generation": 0,
                "labels": null,
                "name": "alb-controller",
                "resource_version": "674",
                "uid": "63be6b58-f48a-4569-acf0-634535ec24b6"
              }
            ],
            "timeouts": null,
            "wait_for_default_service_account": false
          },
          "sensitive_attributes": [],
          "private": "eyJlMmJmYjczMC1lY2FhLTExZTYtOGY4OC0zNDM2M2JjN2M0YzAiOnsiZGVsZXRlIjozMDAwMDAwMDAwMDB9fQ==",
          "dependencies": [
            "data.aws_eks_cluster.my-aws-cluster",
            "data.aws_eks_cluster_auth.my-aws-cluster-auth",
            "data.terraform_remote_state.l0-vpc",
            "module.my-cluster.aws_cloudwatch_log_group.my-eks-cloudwatch",
            "module.my-cluster.aws_eks_cluster.my-cluster",
            "module.my-cluster.aws_iam_role.eks-cluster-role-create",
            "module.my-cluster.aws_iam_role_policy_attachment.eks-cluster-AmazonEKSClusterPolicy",
            "module.my-cluster.aws_iam_role_policy_attachment.eks-cluster-AmazonEKSVPCResourceController",
            "module.my-cluster.data.aws_iam_policy_document.assume_role",
            "module.my-cluster.data.aws_iam_role.eks-cluster-role-use"
          ]
        }
      ]
    },
    {
      "module": "module.my-node-group",
      "mode": "managed",
      "type": "aws_eks_node_group",
      "name": "my-eks-node-group",
      "provider": "provider[\"registry.terraform.io/hashicorp/aws\"]",
      "instances": [
        {
          "schema_version": 0,
          "attributes": {
            "ami_type": "AL2_x86_64",
            "arn": "arn:aws:eks:sa-east-1:489047582581:nodegroup/my-eks/my-eks-ng/12ca84e2-4cc5-4b59-98f7-a9c7f0647431",
            "capacity_type": "ON_DEMAND",
            "cluster_name": "my-eks",
            "disk_size": 50,
            "force_update_version": null,
            "id": "my-eks:my-eks-ng",
            "instance_types": [
              "t3.medium"
            ],
            "labels": null,
            "launch_template": [],
            "node_group_name": "my-eks-ng",
            "node_group_name_prefix": "",
            "node_role_arn": "arn:aws:iam::489047582581:role/my-eks-ng-role",
            "release_version": "1.30.8-20250203",
            "remote_access": [],
            "resources": [
              {
                "autoscaling_groups": [
                  {
                    "name": "eks-my-eks-ng-12ca84e2-4cc5-4b59-98f7-a9c7f0647431"
                  }
                ],
                "remote_access_security_group_id": ""
              }
            ],
            "scaling_config": [
              {
                "desired_size": 1,
                "max_size": 2,
                "min_size": 1
              }
            ],
            "status": "ACTIVE",
            "subnet_ids": [
              "subnet-0348b5d276a2dd619",
              "subnet-08f5237b7d58ef398"
            ],
            "tags": null,
            "tags_all": {},
            "taint": [],
            "timeouts": null,
            "update_config": [
              {
                "max_unavailable": 1,
                "max_unavailable_percentage": 0
              }
            ],
            "version": "1.30"
          },
          "sensitive_attributes": [],
          "private": "eyJlMmJmYjczMC1lY2FhLTExZTYtOGY4OC0zNDM2M2JjN2M0YzAiOnsiY3JlYXRlIjozNjAwMDAwMDAwMDAwLCJkZWxldGUiOjM2MDAwMDAwMDAwMDAsInVwZGF0ZSI6MzYwMDAwMDAwMDAwMH19",
          "dependencies": [
            "data.terraform_remote_state.l0-vpc",
            "module.my-cluster.aws_cloudwatch_log_group.my-eks-cloudwatch",
            "module.my-cluster.aws_eks_cluster.my-cluster",
            "module.my-cluster.aws_iam_role.eks-cluster-role-create",
            "module.my-cluster.aws_iam_role_policy_attachment.eks-cluster-AmazonEKSClusterPolicy",
            "module.my-cluster.aws_iam_role_policy_attachment.eks-cluster-AmazonEKSVPCResourceController",
            "module.my-cluster.data.aws_iam_policy_document.assume_role",
            "module.my-cluster.data.aws_iam_role.eks-cluster-role-use",
            "module.my-node-group.aws_iam_role.eks-ng-cluster-role",
            "module.my-node-group.aws_iam_role_policy_attachment.eks-cluster-AmazonEC2ContainerRegistryReadOnly",
            "module.my-node-group.aws_iam_role_policy_attachment.eks-cluster-AmazonEKSWorkerNodePolicy",
            "module.my-node-group.aws_iam_role_policy_attachment.eks-cluster-AmazonEKS_CNI_Policy"
          ]
        }
      ]
    },
    {
      "module": "module.my-node-group",
      "mode": "managed",
      "type": "aws_iam_role",
      "name": "eks-ng-cluster-role",
      "provider": "provider[\"registry.terraform.io/hashicorp/aws\"]",
      "instances": [
        {
          "schema_version": 0,
          "attributes": {
            "arn": "arn:aws:iam::489047582581:role/my-eks-ng-role",
            "assume_role_policy": "{\"Statement\":[{\"Action\":\"sts:AssumeRole\",\"Effect\":\"Allow\",\"Principal\":{\"Service\":\"ec2.amazonaws.com\"}}],\"Version\":\"2012-10-17\"}",
            "create_date": "2025-02-15T13:20:32Z",
            "description": "",
            "force_detach_policies": false,
            "id": "my-eks-ng-role",
            "inline_policy": [],
            "managed_policy_arns": [],
            "max_session_duration": 3600,
            "name": "my-eks-ng-role",
            "name_prefix": "",
            "path": "/",
            "permissions_boundary": "",
            "tags": null,
            "tags_all": {},
            "unique_id": "AROAXDXMB452TZ2RUB4XW"
          },
          "sensitive_attributes": [],
          "private": "bnVsbA==",
          "dependencies": [
            "data.terraform_remote_state.l0-vpc",
            "module.my-cluster.aws_cloudwatch_log_group.my-eks-cloudwatch",
            "module.my-cluster.aws_eks_cluster.my-cluster",
            "module.my-cluster.aws_iam_role.eks-cluster-role-create",
            "module.my-cluster.aws_iam_role_policy_attachment.eks-cluster-AmazonEKSClusterPolicy",
            "module.my-cluster.aws_iam_role_policy_attachment.eks-cluster-AmazonEKSVPCResourceController",
            "module.my-cluster.data.aws_iam_policy_document.assume_role",
            "module.my-cluster.data.aws_iam_role.eks-cluster-role-use"
          ]
        }
      ]
    },
    {
      "module": "module.my-node-group",
      "mode": "managed",
      "type": "aws_iam_role_policy_attachment",
      "name": "eks-cluster-AmazonEC2ContainerRegistryReadOnly",
      "provider": "provider[\"registry.terraform.io/hashicorp/aws\"]",
      "instances": [
        {
          "schema_version": 0,
          "attributes": {
            "id": "my-eks-ng-role-20250215132033820400000004",
            "policy_arn": "arn:aws:iam::aws:policy/AmazonEC2ContainerRegistryReadOnly",
            "role": "my-eks-ng-role"
          },
          "sensitive_attributes": [],
          "private": "bnVsbA==",
          "dependencies": [
            "data.terraform_remote_state.l0-vpc",
            "module.my-cluster.aws_cloudwatch_log_group.my-eks-cloudwatch",
            "module.my-cluster.aws_eks_cluster.my-cluster",
            "module.my-cluster.aws_iam_role.eks-cluster-role-create",
            "module.my-cluster.aws_iam_role_policy_attachment.eks-cluster-AmazonEKSClusterPolicy",
            "module.my-cluster.aws_iam_role_policy_attachment.eks-cluster-AmazonEKSVPCResourceController",
            "module.my-cluster.data.aws_iam_policy_document.assume_role",
            "module.my-cluster.data.aws_iam_role.eks-cluster-role-use",
            "module.my-node-group.aws_iam_role.eks-ng-cluster-role"
          ]
        }
      ]
    },
    {
      "module": "module.my-node-group",
      "mode": "managed",
      "type": "aws_iam_role_policy_attachment",
      "name": "eks-cluster-AmazonEKSVPCResourceController",
      "provider": "provider[\"registry.terraform.io/hashicorp/aws\"]",
      "instances": [
        {
          "schema_version": 0,
          "attributes": {
            "id": "my-eks-ng-role-20250215132033600300000003",
            "policy_arn": "arn:aws:iam::aws:policy/AmazonEKSVPCResourceController",
            "role": "my-eks-ng-role"
          },
          "sensitive_attributes": [],
          "private": "bnVsbA==",
          "dependencies": [
            "data.terraform_remote_state.l0-vpc",
            "module.my-cluster.aws_cloudwatch_log_group.my-eks-cloudwatch",
            "module.my-cluster.aws_eks_cluster.my-cluster",
            "module.my-cluster.aws_iam_role.eks-cluster-role-create",
            "module.my-cluster.aws_iam_role_policy_attachment.eks-cluster-AmazonEKSClusterPolicy",
            "module.my-cluster.aws_iam_role_policy_attachment.eks-cluster-AmazonEKSVPCResourceController",
            "module.my-cluster.data.aws_iam_policy_document.assume_role",
            "module.my-cluster.data.aws_iam_role.eks-cluster-role-use",
            "module.my-node-group.aws_iam_role.eks-ng-cluster-role"
          ]
        }
      ]
    },
    {
      "module": "module.my-node-group",
      "mode": "managed",
      "type": "aws_iam_role_policy_attachment",
      "name": "eks-cluster-AmazonEKSWorkerNodePolicy",
      "provider": "provider[\"registry.terraform.io/hashicorp/aws\"]",
      "instances": [
        {
          "schema_version": 0,
          "attributes": {
            "id": "my-eks-ng-role-20250215132034023100000005",
            "policy_arn": "arn:aws:iam::aws:policy/AmazonEKSWorkerNodePolicy",
            "role": "my-eks-ng-role"
          },
          "sensitive_attributes": [],
          "private": "bnVsbA==",
          "dependencies": [
            "data.terraform_remote_state.l0-vpc",
            "module.my-cluster.aws_cloudwatch_log_group.my-eks-cloudwatch",
            "module.my-cluster.aws_eks_cluster.my-cluster",
            "module.my-cluster.aws_iam_role.eks-cluster-role-create",
            "module.my-cluster.aws_iam_role_policy_attachment.eks-cluster-AmazonEKSClusterPolicy",
            "module.my-cluster.aws_iam_role_policy_attachment.eks-cluster-AmazonEKSVPCResourceController",
            "module.my-cluster.data.aws_iam_policy_document.assume_role",
            "module.my-cluster.data.aws_iam_role.eks-cluster-role-use",
            "module.my-node-group.aws_iam_role.eks-ng-cluster-role"
          ]
        }
      ]
    },
    {
      "module": "module.my-node-group",
      "mode": "managed",
      "type": "aws_iam_role_policy_attachment",
      "name": "eks-cluster-AmazonEKS_CNI_Policy",
      "provider": "provider[\"registry.terraform.io/hashicorp/aws\"]",
      "instances": [
        {
          "schema_version": 0,
          "attributes": {
            "id": "my-eks-ng-role-20250215132034075800000006",
            "policy_arn": "arn:aws:iam::aws:policy/AmazonEKS_CNI_Policy",
            "role": "my-eks-ng-role"
          },
          "sensitive_attributes": [],
          "private": "bnVsbA==",
          "dependencies": [
            "data.terraform_remote_state.l0-vpc",
            "module.my-cluster.aws_cloudwatch_log_group.my-eks-cloudwatch",
            "module.my-cluster.aws_eks_cluster.my-cluster",
            "module.my-cluster.aws_iam_role.eks-cluster-role-create",
            "module.my-cluster.aws_iam_role_policy_attachment.eks-cluster-AmazonEKSClusterPolicy",
            "module.my-cluster.aws_iam_role_policy_attachment.eks-cluster-AmazonEKSVPCResourceController",
            "module.my-cluster.data.aws_iam_policy_document.assume_role",
            "module.my-cluster.data.aws_iam_role.eks-cluster-role-use",
            "module.my-node-group.aws_iam_role.eks-ng-cluster-role"
          ]
        }
      ]
    }
  ],
  "check_results": null
}
