{
  "version": 4,
  "terraform_version": "1.10.5",
  "serial": 14,
  "lineage": "d3f31aa5-4fc2-7423-f26b-b7e29b0e4fcd",
  "outputs": {
    "eks-name": {
      "value": "my-eks",
      "type": "string"
    },
    "identity-oidc-issuer": {
      "value": "https://oidc.eks.sa-east-1.amazonaws.com/id/C91D799E57EDD64DF78FC12BA51CBE59",
      "type": "string"
    },
    "node-group-role-name": {
      "value": "my-eks-ng-role",
      "type": "string"
    }
  },
  "resources": [
    {
      "mode": "data",
      "type": "aws_eks_cluster",
      "name": "my-aws-cluster",
      "provider": "provider[\"registry.terraform.io/hashicorp/aws\"]",
      "instances": [
        {
          "schema_version": 0,
          "attributes": {
            "access_config": [
              {
                "authentication_mode": "CONFIG_MAP"
              }
            ],
            "arn": "arn:aws:eks:sa-east-1:489047582581:cluster/my-eks",
            "certificate_authority": [
              {
                "data": "LS0tLS1CRUdJTiBDRVJUSUZJQ0FURS0tLS0tCk1JSURCVENDQWUyZ0F3SUJBZ0lJRTZhT3E3bTJBczR3RFFZSktvWklodmNOQVFFTEJRQXdGVEVUTUJFR0ExVUUKQXhNS2EzVmlaWEp1WlhSbGN6QWVGdzB5TlRBeU1UVXhORE0zTWpsYUZ3MHpOVEF5TVRNeE5EUXlNamxhTUJVeApFekFSQmdOVkJBTVRDbXQxWW1WeWJtVjBaWE13Z2dFaU1BMEdDU3FHU0liM0RRRUJBUVVBQTRJQkR3QXdnZ0VLCkFvSUJBUURNU2xyUytsQS8vN3ROVnRSVHFSZ3l5aEEwZms2TjFRd0o1THVTdVFjSEhVNVczZVpaQ3RxcUY2em0KcE1zOTNXbG9UR2JqTWt3K04zelZoNmVOSU40UUVmRndSSnk4UkNXR0p6a0hPRGVwTmp6a3kvMWFtQmVjNDNuRApBT0g1ajJuMW42bmo1SjVGc0RrcXFUVHEraVE5V0tvVjc5R3JiRHRwL1dzSXE3U3JIYTFKeUIraEkvRWowZW00CjBwV1poVUx4N2M2bkVBZWhsQnFOM2RZbUhBZzlFTmtFS1hqb0t3M2N4R0dMNmlKM1lhTGp2WDhIUEwrbDdvK2sKaXB2NUE0WGlFdTM2QTZVWWUycm9mSGRGZVlYNTBWUC9sVnN6TXNaTzFUQ29sNFFLeG9peW9uaG9PSW0wZ3puZApkK3lDVGVCNU01UEp4VUM0YzVnYlVmUkVTUU9SQWdNQkFBR2pXVEJYTUE0R0ExVWREd0VCL3dRRUF3SUNwREFQCkJnTlZIUk1CQWY4RUJUQURBUUgvTUIwR0ExVWREZ1FXQkJUWEgybFBhWkt6WnhNaTFhREthYUZ3SUFwVU5UQVYKQmdOVkhSRUVEakFNZ2dwcmRXSmxjbTVsZEdWek1BMEdDU3FHU0liM0RRRUJDd1VBQTRJQkFRQk02ZzIyVGRrWgp6YmFDZEdTT1JJQVdIZFo0eUIzQzc2WFVPNXo1WHV5VUhkMkt1TVZkZjR3Rk0wZmNDMjAzcFc3cXg2Q2V4S002CjJRT0hFUG44S2M4Yy9VbWMwbEdBQmhqMEdLUCtpZ2x4eFBEdzdPTUxIUjgySHdpWS90TnFVbTJxaGxsaGZrNkgKTVlNZTVwN3MzQ0VOdjg0dGRLOUNJckdLU2lOYWJaaXdsWW5LWHd1amJreGEzK1krTkNjQ1BqbCtzWkVKVlo1VQpXc3RwM092bTNhY0pxeHZ4bE81NnZIV3BrZTQrbU9kWGVlUjlSdGZGUkl6Um11ejY3VWNNeUUyZG90TkhDb0Y4Cnk3aGdFWHlybkE4NlZMVVl6bTliT0NmRklONndDcnd0QXRGUnBFdkVOVG4yckFUdjZBUjY0Wis4Ym42T212d2wKVmZGd2ozOHI2VU9lCi0tLS0tRU5EIENFUlRJRklDQVRFLS0tLS0K"
              }
            ],
            "cluster_id": null,
            "created_at": "2025-02-15 14:38:01.554 +0000 UTC",
            "enabled_cluster_log_types": [
              "api",
              "audit"
            ],
            "endpoint": "https://C91D799E57EDD64DF78FC12BA51CBE59.sk1.sa-east-1.eks.amazonaws.com",
            "id": "my-eks",
            "identity": [
              {
                "oidc": [
                  {
                    "issuer": "https://oidc.eks.sa-east-1.amazonaws.com/id/C91D799E57EDD64DF78FC12BA51CBE59"
                  }
                ]
              }
            ],
            "kubernetes_network_config": [
              {
                "ip_family": "ipv4",
                "service_ipv4_cidr": "172.20.0.0/16",
                "service_ipv6_cidr": ""
              }
            ],
            "name": "my-eks",
            "outpost_config": [],
            "platform_version": "eks.27",
            "role_arn": "arn:aws:iam::489047582581:role/my-eks-role",
            "status": "ACTIVE",
            "tags": {},
            "version": "1.30",
            "vpc_config": [
              {
                "cluster_security_group_id": "sg-08b6903e309278950",
                "endpoint_private_access": false,
                "endpoint_public_access": true,
                "public_access_cidrs": [
                  "0.0.0.0/0"
                ],
                "security_group_ids": [
                  "sg-0519ba2149fbde8c0",
                  "sg-07c333593bc9b6c05"
                ],
                "subnet_ids": [
                  "subnet-024814591f0c2f85f",
                  "subnet-0f433f205695b93c3"
                ],
                "vpc_id": "vpc-066021df866b0eaf7"
              }
            ]
          },
          "sensitive_attributes": []
        }
      ]
    },
    {
      "mode": "data",
      "type": "aws_eks_cluster_auth",
      "name": "my-aws-cluster-auth",
      "provider": "provider[\"registry.terraform.io/hashicorp/aws\"]",
      "instances": [
        {
          "schema_version": 0,
          "attributes": {
            "id": "my-eks",
            "name": "my-eks",
            "token": "k8s-aws-v1.aHR0cHM6Ly9zdHMuc2EtZWFzdC0xLmFtYXpvbmF3cy5jb20vP0FjdGlvbj1HZXRDYWxsZXJJZGVudGl0eSZWZXJzaW9uPTIwMTEtMDYtMTUmWC1BbXotQWxnb3JpdGhtPUFXUzQtSE1BQy1TSEEyNTYmWC1BbXotQ3JlZGVudGlhbD1BS0lBWERYTUI0NTJYREhLN0tDWCUyRjIwMjUwMjE1JTJGc2EtZWFzdC0xJTJGc3RzJTJGYXdzNF9yZXF1ZXN0JlgtQW16LURhdGU9MjAyNTAyMTVUMTQzNzQ5WiZYLUFtei1FeHBpcmVzPTAmWC1BbXotU2lnbmVkSGVhZGVycz1ob3N0JTNCeC1rOHMtYXdzLWlkJlgtQW16LVNpZ25hdHVyZT03MDVmMjgzYmYxYjk1MzNiY2M1NDYxMmRiMjZjZTI2OTQ1ZDQ3YmExMmUyYTE2NTg5NWYxYzg4YjgyMGFmNzU3"
          },
          "sensitive_attributes": [
            [
              {
                "type": "get_attr",
                "value": "token"
              }
            ]
          ]
        }
      ]
    },
    {
      "mode": "data",
      "type": "terraform_remote_state",
      "name": "l0-vpc",
      "provider": "provider[\"terraform.io/builtin/terraform\"]",
      "instances": [
        {
          "schema_version": 0,
          "attributes": {
            "backend": "local",
            "config": {
              "value": {
                "path": "../tfstate/l0-vpc.tfstate"
              },
              "type": [
                "object",
                {
                  "path": "string"
                }
              ]
            },
            "defaults": null,
            "outputs": {
              "value": {
                "private_subnets_id": [
                  [
                    "subnet-024814591f0c2f85f",
                    "subnet-0f433f205695b93c3"
                  ]
                ],
                "public_subnets_id": [
                  [
                    "subnet-088619a04fab0d3cd",
                    "subnet-0084c0810dbcfe18a"
                  ]
                ],
                "security_groups_id": [
                  "sg-07c333593bc9b6c05",
                  "sg-0519ba2149fbde8c0"
                ]
              },
              "type": [
                "object",
                {
                  "private_subnets_id": [
                    "tuple",
                    [
                      [
                        "tuple",
                        [
                          "string",
                          "string"
                        ]
                      ]
                    ]
                  ],
                  "public_subnets_id": [
                    "tuple",
                    [
                      [
                        "tuple",
                        [
                          "string",
                          "string"
                        ]
                      ]
                    ]
                  ],
                  "security_groups_id": [
                    "tuple",
                    [
                      "string",
                      "string"
                    ]
                  ]
                }
              ]
            },
            "workspace": null
          },
          "sensitive_attributes": []
        }
      ]
    },
    {
      "module": "module.my-cluster",
      "mode": "data",
      "type": "aws_iam_policy_document",
      "name": "assume_role",
      "provider": "provider[\"registry.terraform.io/hashicorp/aws\"]",
      "instances": [
        {
          "schema_version": 0,
          "attributes": {
            "id": "3552664922",
            "json": "{\n  \"Version\": \"2012-10-17\",\n  \"Statement\": [\n    {\n      \"Effect\": \"Allow\",\n      \"Action\": \"sts:AssumeRole\",\n      \"Principal\": {\n        \"Service\": \"eks.amazonaws.com\"\n      }\n    }\n  ]\n}",
            "minified_json": "{\"Version\":\"2012-10-17\",\"Statement\":[{\"Effect\":\"Allow\",\"Action\":\"sts:AssumeRole\",\"Principal\":{\"Service\":\"eks.amazonaws.com\"}}]}",
            "override_json": null,
            "override_policy_documents": null,
            "policy_id": null,
            "source_json": null,
            "source_policy_documents": null,
            "statement": [
              {
                "actions": [
                  "sts:AssumeRole"
                ],
                "condition": [],
                "effect": "Allow",
                "not_actions": [],
                "not_principals": [],
                "not_resources": [],
                "principals": [
                  {
                    "identifiers": [
                      "eks.amazonaws.com"
                    ],
                    "type": "Service"
                  }
                ],
                "resources": [],
                "sid": ""
              }
            ],
            "version": "2012-10-17"
          },
          "sensitive_attributes": []
        }
      ]
    },
    {
      "module": "module.my-cluster",
      "mode": "managed",
      "type": "aws_cloudwatch_log_group",
      "name": "my-eks-cloudwatch",
      "provider": "provider[\"registry.terraform.io/hashicorp/aws\"]",
      "instances": [
        {
          "index_key": 0,
          "schema_version": 0,
          "attributes": {
            "arn": "arn:aws:logs:sa-east-1:489047582581:log-group:/aws/eks/my-eks/cluster",
            "id": "/aws/eks/my-eks/cluster",
            "kms_key_id": "",
            "log_group_class": "STANDARD",
            "name": "/aws/eks/my-eks/cluster",
            "name_prefix": "",
            "retention_in_days": 7,
            "skip_destroy": false,
            "tags": null,
            "tags_all": {}
          },
          "sensitive_attributes": [],
          "private": "bnVsbA=="
        }
      ]
    },
    {
      "module": "module.my-cluster",
      "mode": "managed",
      "type": "aws_eks_cluster",
      "name": "my-cluster",
      "provider": "provider[\"registry.terraform.io/hashicorp/aws\"]",
      "instances": [
        {
          "schema_version": 0,
          "attributes": {
            "access_config": [
              {
                "authentication_mode": "CONFIG_MAP",
                "bootstrap_cluster_creator_admin_permissions": false
              }
            ],
            "arn": "arn:aws:eks:sa-east-1:489047582581:cluster/my-eks",
            "certificate_authority": [
              {
                "data": "LS0tLS1CRUdJTiBDRVJUSUZJQ0FURS0tLS0tCk1JSURCVENDQWUyZ0F3SUJBZ0lJRTZhT3E3bTJBczR3RFFZSktvWklodmNOQVFFTEJRQXdGVEVUTUJFR0ExVUUKQXhNS2EzVmlaWEp1WlhSbGN6QWVGdzB5TlRBeU1UVXhORE0zTWpsYUZ3MHpOVEF5TVRNeE5EUXlNamxhTUJVeApFekFSQmdOVkJBTVRDbXQxWW1WeWJtVjBaWE13Z2dFaU1BMEdDU3FHU0liM0RRRUJBUVVBQTRJQkR3QXdnZ0VLCkFvSUJBUURNU2xyUytsQS8vN3ROVnRSVHFSZ3l5aEEwZms2TjFRd0o1THVTdVFjSEhVNVczZVpaQ3RxcUY2em0KcE1zOTNXbG9UR2JqTWt3K04zelZoNmVOSU40UUVmRndSSnk4UkNXR0p6a0hPRGVwTmp6a3kvMWFtQmVjNDNuRApBT0g1ajJuMW42bmo1SjVGc0RrcXFUVHEraVE5V0tvVjc5R3JiRHRwL1dzSXE3U3JIYTFKeUIraEkvRWowZW00CjBwV1poVUx4N2M2bkVBZWhsQnFOM2RZbUhBZzlFTmtFS1hqb0t3M2N4R0dMNmlKM1lhTGp2WDhIUEwrbDdvK2sKaXB2NUE0WGlFdTM2QTZVWWUycm9mSGRGZVlYNTBWUC9sVnN6TXNaTzFUQ29sNFFLeG9peW9uaG9PSW0wZ3puZApkK3lDVGVCNU01UEp4VUM0YzVnYlVmUkVTUU9SQWdNQkFBR2pXVEJYTUE0R0ExVWREd0VCL3dRRUF3SUNwREFQCkJnTlZIUk1CQWY4RUJUQURBUUgvTUIwR0ExVWREZ1FXQkJUWEgybFBhWkt6WnhNaTFhREthYUZ3SUFwVU5UQVYKQmdOVkhSRUVEakFNZ2dwcmRXSmxjbTVsZEdWek1BMEdDU3FHU0liM0RRRUJDd1VBQTRJQkFRQk02ZzIyVGRrWgp6YmFDZEdTT1JJQVdIZFo0eUIzQzc2WFVPNXo1WHV5VUhkMkt1TVZkZjR3Rk0wZmNDMjAzcFc3cXg2Q2V4S002CjJRT0hFUG44S2M4Yy9VbWMwbEdBQmhqMEdLUCtpZ2x4eFBEdzdPTUxIUjgySHdpWS90TnFVbTJxaGxsaGZrNkgKTVlNZTVwN3MzQ0VOdjg0dGRLOUNJckdLU2lOYWJaaXdsWW5LWHd1amJreGEzK1krTkNjQ1BqbCtzWkVKVlo1VQpXc3RwM092bTNhY0pxeHZ4bE81NnZIV3BrZTQrbU9kWGVlUjlSdGZGUkl6Um11ejY3VWNNeUUyZG90TkhDb0Y4Cnk3aGdFWHlybkE4NlZMVVl6bTliT0NmRklONndDcnd0QXRGUnBFdkVOVG4yckFUdjZBUjY0Wis4Ym42T212d2wKVmZGd2ozOHI2VU9lCi0tLS0tRU5EIENFUlRJRklDQVRFLS0tLS0K"
              }
            ],
            "cluster_id": null,
            "created_at": "2025-02-15 14:38:01.554 +0000 UTC",
            "enabled_cluster_log_types": [
              "api",
              "audit"
            ],
            "encryption_config": [],
            "endpoint": "https://C91D799E57EDD64DF78FC12BA51CBE59.sk1.sa-east-1.eks.amazonaws.com",
            "id": "my-eks",
            "identity": [
              {
                "oidc": [
                  {
                    "issuer": "https://oidc.eks.sa-east-1.amazonaws.com/id/C91D799E57EDD64DF78FC12BA51CBE59"
                  }
                ]
              }
            ],
            "kubernetes_network_config": [
              {
                "ip_family": "ipv4",
                "service_ipv4_cidr": "172.20.0.0/16",
                "service_ipv6_cidr": ""
              }
            ],
            "name": "my-eks",
            "outpost_config": [],
            "platform_version": "eks.27",
            "role_arn": "arn:aws:iam::489047582581:role/my-eks-role",
            "status": "ACTIVE",
            "tags": null,
            "tags_all": {},
            "timeouts": null,
            "version": "1.30",
            "vpc_config": [
              {
                "cluster_security_group_id": "sg-08b6903e309278950",
                "endpoint_private_access": false,
                "endpoint_public_access": true,
                "public_access_cidrs": [
                  "0.0.0.0/0"
                ],
                "security_group_ids": [
                  "sg-0519ba2149fbde8c0",
                  "sg-07c333593bc9b6c05"
                ],
                "subnet_ids": [
                  "subnet-024814591f0c2f85f",
                  "subnet-0f433f205695b93c3"
                ],
                "vpc_id": "vpc-066021df866b0eaf7"
              }
            ]
          },
          "sensitive_attributes": [],
          "private": "eyJlMmJmYjczMC1lY2FhLTExZTYtOGY4OC0zNDM2M2JjN2M0YzAiOnsiY3JlYXRlIjoxODAwMDAwMDAwMDAwLCJkZWxldGUiOjkwMDAwMDAwMDAwMCwidXBkYXRlIjozNjAwMDAwMDAwMDAwfX0=",
          "dependencies": [
            "data.terraform_remote_state.l0-vpc",
            "module.my-cluster.aws_cloudwatch_log_group.my-eks-cloudwatch",
            "module.my-cluster.aws_iam_role.eks-cluster-role-create",
            "module.my-cluster.aws_iam_role_policy_attachment.eks-cluster-AmazonEKSClusterPolicy",
            "module.my-cluster.aws_iam_role_policy_attachment.eks-cluster-AmazonEKSVPCResourceController",
            "module.my-cluster.data.aws_iam_policy_document.assume_role",
            "module.my-cluster.data.aws_iam_role.eks-cluster-role-use"
          ]
        }
      ]
    },
    {
      "module": "module.my-cluster",
      "mode": "managed",
      "type": "aws_iam_role",
      "name": "eks-cluster-role-create",
      "provider": "provider[\"registry.terraform.io/hashicorp/aws\"]",
      "instances": [
        {
          "index_key": 0,
          "schema_version": 0,
          "attributes": {
            "arn": "arn:aws:iam::489047582581:role/my-eks-role",
            "assume_role_policy": "{\"Statement\":[{\"Action\":\"sts:AssumeRole\",\"Effect\":\"Allow\",\"Principal\":{\"Service\":\"eks.amazonaws.com\"}}],\"Version\":\"2012-10-17\"}",
            "create_date": "2025-02-15T14:37:57Z",
            "description": "",
            "force_detach_policies": false,
            "id": "my-eks-role",
            "inline_policy": [],
            "managed_policy_arns": [],
            "max_session_duration": 3600,
            "name": "my-eks-role",
            "name_prefix": "",
            "path": "/",
            "permissions_boundary": "",
            "tags": null,
            "tags_all": {},
            "unique_id": "AROAXDXMB452RCINV7RX3"
          },
          "sensitive_attributes": [],
          "private": "bnVsbA==",
          "dependencies": [
            "module.my-cluster.data.aws_iam_policy_document.assume_role"
          ]
        }
      ]
    },
    {
      "module": "module.my-cluster",
      "mode": "managed",
      "type": "aws_iam_role_policy_attachment",
      "name": "eks-cluster-AmazonEKSClusterPolicy",
      "provider": "provider[\"registry.terraform.io/hashicorp/aws\"]",
      "instances": [
        {
          "index_key": 0,
          "schema_version": 0,
          "attributes": {
            "id": "my-eks-role-20250215143758949200000002",
            "policy_arn": "arn:aws:iam::aws:policy/AmazonEKSClusterPolicy",
            "role": "my-eks-role"
          },
          "sensitive_attributes": [],
          "private": "bnVsbA==",
          "dependencies": [
            "module.my-cluster.aws_iam_role.eks-cluster-role-create",
            "module.my-cluster.data.aws_iam_policy_document.assume_role",
            "module.my-cluster.data.aws_iam_role.eks-cluster-role-use"
          ]
        }
      ]
    },
    {
      "module": "module.my-cluster",
      "mode": "managed",
      "type": "aws_iam_role_policy_attachment",
      "name": "eks-cluster-AmazonEKSVPCResourceController",
      "provider": "provider[\"registry.terraform.io/hashicorp/aws\"]",
      "instances": [
        {
          "index_key": 0,
          "schema_version": 0,
          "attributes": {
            "id": "my-eks-role-20250215143758739100000001",
            "policy_arn": "arn:aws:iam::aws:policy/AmazonEKSVPCResourceController",
            "role": "my-eks-role"
          },
          "sensitive_attributes": [],
          "private": "bnVsbA==",
          "dependencies": [
            "module.my-cluster.aws_iam_role.eks-cluster-role-create",
            "module.my-cluster.data.aws_iam_policy_document.assume_role",
            "module.my-cluster.data.aws_iam_role.eks-cluster-role-use"
          ]
        }
      ]
    },
    {
      "module": "module.my-namespaces",
      "mode": "managed",
      "type": "kubernetes_namespace",
      "name": "example",
      "provider": "provider[\"registry.terraform.io/hashicorp/kubernetes\"]",
      "instances": [
        {
          "index_key": "metadata1",
          "schema_version": 0,
          "attributes": {
            "id": "alb-controller",
            "metadata": [
              {
                "annotations": null,
                "generate_name": "",
                "generation": 0,
                "labels": null,
                "name": "alb-controller",
                "resource_version": "683",
                "uid": "cd60de94-0017-4197-ba87-4b39f29ab389"
              }
            ],
            "timeouts": null,
            "wait_for_default_service_account": false
          },
          "sensitive_attributes": [],
          "private": "eyJlMmJmYjczMC1lY2FhLTExZTYtOGY4OC0zNDM2M2JjN2M0YzAiOnsiZGVsZXRlIjozMDAwMDAwMDAwMDB9fQ==",
          "dependencies": [
            "data.aws_eks_cluster.my-aws-cluster",
            "data.aws_eks_cluster_auth.my-aws-cluster-auth",
            "data.terraform_remote_state.l0-vpc",
            "module.my-cluster.aws_cloudwatch_log_group.my-eks-cloudwatch",
            "module.my-cluster.aws_eks_cluster.my-cluster",
            "module.my-cluster.aws_iam_role.eks-cluster-role-create",
            "module.my-cluster.aws_iam_role_policy_attachment.eks-cluster-AmazonEKSClusterPolicy",
            "module.my-cluster.aws_iam_role_policy_attachment.eks-cluster-AmazonEKSVPCResourceController",
            "module.my-cluster.data.aws_iam_policy_document.assume_role",
            "module.my-cluster.data.aws_iam_role.eks-cluster-role-use"
          ]
        }
      ]
    },
    {
      "module": "module.my-node-group",
      "mode": "managed",
      "type": "aws_eks_node_group",
      "name": "my-eks-node-group",
      "provider": "provider[\"registry.terraform.io/hashicorp/aws\"]",
      "instances": [
        {
          "schema_version": 0,
          "attributes": {
            "ami_type": "AL2_x86_64",
            "arn": "arn:aws:eks:sa-east-1:489047582581:nodegroup/my-eks/my-eks-ng/32ca8508-e859-f88f-c875-1609149d7d6f",
            "capacity_type": "ON_DEMAND",
            "cluster_name": "my-eks",
            "disk_size": 50,
            "force_update_version": null,
            "id": "my-eks:my-eks-ng",
            "instance_types": [
              "t3.medium"
            ],
            "labels": null,
            "launch_template": [],
            "node_group_name": "my-eks-ng",
            "node_group_name_prefix": "",
            "node_role_arn": "arn:aws:iam::489047582581:role/my-eks-ng-role",
            "release_version": "1.30.8-20250203",
            "remote_access": [],
            "resources": [
              {
                "autoscaling_groups": [
                  {
                    "name": "eks-my-eks-ng-32ca8508-e859-f88f-c875-1609149d7d6f"
                  }
                ],
                "remote_access_security_group_id": ""
              }
            ],
            "scaling_config": [
              {
                "desired_size": 1,
                "max_size": 2,
                "min_size": 1
              }
            ],
            "status": "ACTIVE",
            "subnet_ids": [
              "subnet-024814591f0c2f85f",
              "subnet-0f433f205695b93c3"
            ],
            "tags": null,
            "tags_all": {},
            "taint": [],
            "timeouts": null,
            "update_config": [
              {
                "max_unavailable": 1,
                "max_unavailable_percentage": 0
              }
            ],
            "version": "1.30"
          },
          "sensitive_attributes": [],
          "private": "eyJlMmJmYjczMC1lY2FhLTExZTYtOGY4OC0zNDM2M2JjN2M0YzAiOnsiY3JlYXRlIjozNjAwMDAwMDAwMDAwLCJkZWxldGUiOjM2MDAwMDAwMDAwMDAsInVwZGF0ZSI6MzYwMDAwMDAwMDAwMH19",
          "dependencies": [
            "data.terraform_remote_state.l0-vpc",
            "module.my-cluster.aws_cloudwatch_log_group.my-eks-cloudwatch",
            "module.my-cluster.aws_eks_cluster.my-cluster",
            "module.my-cluster.aws_iam_role.eks-cluster-role-create",
            "module.my-cluster.aws_iam_role_policy_attachment.eks-cluster-AmazonEKSClusterPolicy",
            "module.my-cluster.aws_iam_role_policy_attachment.eks-cluster-AmazonEKSVPCResourceController",
            "module.my-cluster.data.aws_iam_policy_document.assume_role",
            "module.my-cluster.data.aws_iam_role.eks-cluster-role-use",
            "module.my-node-group.aws_iam_role.eks-ng-cluster-role",
            "module.my-node-group.aws_iam_role_policy_attachment.eks-cluster-AmazonEC2ContainerRegistryReadOnly",
            "module.my-node-group.aws_iam_role_policy_attachment.eks-cluster-AmazonEKSWorkerNodePolicy",
            "module.my-node-group.aws_iam_role_policy_attachment.eks-cluster-AmazonEKS_CNI_Policy"
          ]
        }
      ]
    },
    {
      "module": "module.my-node-group",
      "mode": "managed",
      "type": "aws_iam_role",
      "name": "eks-ng-cluster-role",
      "provider": "provider[\"registry.terraform.io/hashicorp/aws\"]",
      "instances": [
        {
          "schema_version": 0,
          "attributes": {
            "arn": "arn:aws:iam::489047582581:role/my-eks-ng-role",
            "assume_role_policy": "{\"Statement\":[{\"Action\":\"sts:AssumeRole\",\"Effect\":\"Allow\",\"Principal\":{\"Service\":\"ec2.amazonaws.com\"}}],\"Version\":\"2012-10-17\"}",
            "create_date": "2025-02-15T14:44:52Z",
            "description": "",
            "force_detach_policies": false,
            "id": "my-eks-ng-role",
            "inline_policy": [],
            "managed_policy_arns": [],
            "max_session_duration": 3600,
            "name": "my-eks-ng-role",
            "name_prefix": "",
            "path": "/",
            "permissions_boundary": "",
            "tags": null,
            "tags_all": {},
            "unique_id": "AROAXDXMB452ULG34SVFY"
          },
          "sensitive_attributes": [],
          "private": "bnVsbA==",
          "dependencies": [
            "data.terraform_remote_state.l0-vpc",
            "module.my-cluster.aws_cloudwatch_log_group.my-eks-cloudwatch",
            "module.my-cluster.aws_eks_cluster.my-cluster",
            "module.my-cluster.aws_iam_role.eks-cluster-role-create",
            "module.my-cluster.aws_iam_role_policy_attachment.eks-cluster-AmazonEKSClusterPolicy",
            "module.my-cluster.aws_iam_role_policy_attachment.eks-cluster-AmazonEKSVPCResourceController",
            "module.my-cluster.data.aws_iam_policy_document.assume_role",
            "module.my-cluster.data.aws_iam_role.eks-cluster-role-use"
          ]
        }
      ]
    },
    {
      "module": "module.my-node-group",
      "mode": "managed",
      "type": "aws_iam_role_policy_attachment",
      "name": "eks-cluster-AmazonEC2ContainerRegistryReadOnly",
      "provider": "provider[\"registry.terraform.io/hashicorp/aws\"]",
      "instances": [
        {
          "schema_version": 0,
          "attributes": {
            "id": "my-eks-ng-role-20250215144454066300000003",
            "policy_arn": "arn:aws:iam::aws:policy/AmazonEC2ContainerRegistryReadOnly",
            "role": "my-eks-ng-role"
          },
          "sensitive_attributes": [],
          "private": "bnVsbA==",
          "dependencies": [
            "data.terraform_remote_state.l0-vpc",
            "module.my-cluster.aws_cloudwatch_log_group.my-eks-cloudwatch",
            "module.my-cluster.aws_eks_cluster.my-cluster",
            "module.my-cluster.aws_iam_role.eks-cluster-role-create",
            "module.my-cluster.aws_iam_role_policy_attachment.eks-cluster-AmazonEKSClusterPolicy",
            "module.my-cluster.aws_iam_role_policy_attachment.eks-cluster-AmazonEKSVPCResourceController",
            "module.my-cluster.data.aws_iam_policy_document.assume_role",
            "module.my-cluster.data.aws_iam_role.eks-cluster-role-use",
            "module.my-node-group.aws_iam_role.eks-ng-cluster-role"
          ]
        }
      ]
    },
    {
      "module": "module.my-node-group",
      "mode": "managed",
      "type": "aws_iam_role_policy_attachment",
      "name": "eks-cluster-AmazonEKSVPCResourceController",
      "provider": "provider[\"registry.terraform.io/hashicorp/aws\"]",
      "instances": [
        {
          "schema_version": 0,
          "attributes": {
            "id": "my-eks-ng-role-20250215144454497500000006",
            "policy_arn": "arn:aws:iam::aws:policy/AmazonEKSVPCResourceController",
            "role": "my-eks-ng-role"
          },
          "sensitive_attributes": [],
          "private": "bnVsbA==",
          "dependencies": [
            "data.terraform_remote_state.l0-vpc",
            "module.my-cluster.aws_cloudwatch_log_group.my-eks-cloudwatch",
            "module.my-cluster.aws_eks_cluster.my-cluster",
            "module.my-cluster.aws_iam_role.eks-cluster-role-create",
            "module.my-cluster.aws_iam_role_policy_attachment.eks-cluster-AmazonEKSClusterPolicy",
            "module.my-cluster.aws_iam_role_policy_attachment.eks-cluster-AmazonEKSVPCResourceController",
            "module.my-cluster.data.aws_iam_policy_document.assume_role",
            "module.my-cluster.data.aws_iam_role.eks-cluster-role-use",
            "module.my-node-group.aws_iam_role.eks-ng-cluster-role"
          ]
        }
      ]
    },
    {
      "module": "module.my-node-group",
      "mode": "managed",
      "type": "aws_iam_role_policy_attachment",
      "name": "eks-cluster-AmazonEKSWorkerNodePolicy",
      "provider": "provider[\"registry.terraform.io/hashicorp/aws\"]",
      "instances": [
        {
          "schema_version": 0,
          "attributes": {
            "id": "my-eks-ng-role-20250215144454288400000004",
            "policy_arn": "arn:aws:iam::aws:policy/AmazonEKSWorkerNodePolicy",
            "role": "my-eks-ng-role"
          },
          "sensitive_attributes": [],
          "private": "bnVsbA==",
          "dependencies": [
            "data.terraform_remote_state.l0-vpc",
            "module.my-cluster.aws_cloudwatch_log_group.my-eks-cloudwatch",
            "module.my-cluster.aws_eks_cluster.my-cluster",
            "module.my-cluster.aws_iam_role.eks-cluster-role-create",
            "module.my-cluster.aws_iam_role_policy_attachment.eks-cluster-AmazonEKSClusterPolicy",
            "module.my-cluster.aws_iam_role_policy_attachment.eks-cluster-AmazonEKSVPCResourceController",
            "module.my-cluster.data.aws_iam_policy_document.assume_role",
            "module.my-cluster.data.aws_iam_role.eks-cluster-role-use",
            "module.my-node-group.aws_iam_role.eks-ng-cluster-role"
          ]
        }
      ]
    },
    {
      "module": "module.my-node-group",
      "mode": "managed",
      "type": "aws_iam_role_policy_attachment",
      "name": "eks-cluster-AmazonEKS_CNI_Policy",
      "provider": "provider[\"registry.terraform.io/hashicorp/aws\"]",
      "instances": [
        {
          "schema_version": 0,
          "attributes": {
            "id": "my-eks-ng-role-20250215144454488700000005",
            "policy_arn": "arn:aws:iam::aws:policy/AmazonEKS_CNI_Policy",
            "role": "my-eks-ng-role"
          },
          "sensitive_attributes": [],
          "private": "bnVsbA==",
          "dependencies": [
            "data.terraform_remote_state.l0-vpc",
            "module.my-cluster.aws_cloudwatch_log_group.my-eks-cloudwatch",
            "module.my-cluster.aws_eks_cluster.my-cluster",
            "module.my-cluster.aws_iam_role.eks-cluster-role-create",
            "module.my-cluster.aws_iam_role_policy_attachment.eks-cluster-AmazonEKSClusterPolicy",
            "module.my-cluster.aws_iam_role_policy_attachment.eks-cluster-AmazonEKSVPCResourceController",
            "module.my-cluster.data.aws_iam_policy_document.assume_role",
            "module.my-cluster.data.aws_iam_role.eks-cluster-role-use",
            "module.my-node-group.aws_iam_role.eks-ng-cluster-role"
          ]
        }
      ]
    }
  ],
  "check_results": null
}
