{
  "version": 4,
  "terraform_version": "1.10.5",
  "serial": 14,
  "lineage": "a5723144-ae36-1ce4-570c-40b89ef8f4b1",
  "outputs": {
    "eks-name": {
      "value": "my-eks",
      "type": "string"
    },
    "identity-oidc-issuer": {
      "value": "https://oidc.eks.sa-east-1.amazonaws.com/id/C9A3AE689EFD89BA55668A0C5848AC64",
      "type": "string"
    },
    "node-group-role-name": {
      "value": "my-eks-ng-role",
      "type": "string"
    }
  },
  "resources": [
    {
      "mode": "data",
      "type": "aws_eks_cluster",
      "name": "my-aws-cluster",
      "provider": "provider[\"registry.terraform.io/hashicorp/aws\"]",
      "instances": [
        {
          "schema_version": 0,
          "attributes": {
            "access_config": [
              {
                "authentication_mode": "CONFIG_MAP"
              }
            ],
            "arn": "arn:aws:eks:sa-east-1:489047582581:cluster/my-eks",
            "certificate_authority": [
              {
                "data": "LS0tLS1CRUdJTiBDRVJUSUZJQ0FURS0tLS0tCk1JSURCVENDQWUyZ0F3SUJBZ0lJV2NZemN4M1JDSGd3RFFZSktvWklodmNOQVFFTEJRQXdGVEVUTUJFR0ExVUUKQXhNS2EzVmlaWEp1WlhSbGN6QWVGdzB5TlRBeU1UVXhOalUyTlROYUZ3MHpOVEF5TVRNeE56QXhOVE5hTUJVeApFekFSQmdOVkJBTVRDbXQxWW1WeWJtVjBaWE13Z2dFaU1BMEdDU3FHU0liM0RRRUJBUVVBQTRJQkR3QXdnZ0VLCkFvSUJBUURudi9KcWdob25McmFWYVhleW91bnp0YlZXMnVJODZhRjdGSHVhU1Rpa05OMmd6SnJDVm0rdTI0VnQKYmNnNy9Ubi93TXlWWjdqSHRFS0hTaDZoZE1vNjJhTHU0d2xmNHVkUVZ6K2ViR0FPZzc1Y1dkSjM4QS9DNFdhVgo1VUZuczNtZDcyZTRrQXp3Q003RXVLQ1JkN0t1L1JXK1ArMHl1LzBma1hub2x2R2t3cUxJZW05aVlMUUhWTnN1CmUvOGM5QjZBM1dmblhnbm1QZTFzOVlVelNpOHR3WVd5YUhBRXlHY2xzYWYxNUduOEZoN1FUV0p5U3NRRCtpR3kKbmhMcGNzeTlweGk2b0pLUnpqaUZFMzdDeWkvVWZuSnNKaEhXQm1CaU81dDdGUHdQUkRUZjRHbm1VbU9ZV0c3bApKYkhFK2NhZFZsNFVYTFJtYzRMR0llbXBxN1VKQWdNQkFBR2pXVEJYTUE0R0ExVWREd0VCL3dRRUF3SUNwREFQCkJnTlZIUk1CQWY4RUJUQURBUUgvTUIwR0ExVWREZ1FXQkJSTm9RbWdmazVvOURhYSt3bFg3ZlRobkt2dytEQVYKQmdOVkhSRUVEakFNZ2dwcmRXSmxjbTVsZEdWek1BMEdDU3FHU0liM0RRRUJDd1VBQTRJQkFRQlZFVVRDTXc2UQpmMUJnQUtxNU5SVFJ3OHVMa0gvUXJNRmJrK2VIOUJINTIzZ2FNZmRST0dpOUx4RUNhU3JFN1RTTk1lamU4cUFsCjJ0SXJRZ0E3Q0R4dHE2ZDBFbkd4ZGxSaU5OMWxrZncveE5rbU5NS29HV0RKdjNnU2ozVHpHYlAzZXBpQW1DOFcKTHNPY0p2M0pWU3pCK0N0NTJRYm94MjY4cUwvdTdMMHdCTXprYzNtL1kyK0dJdXo3Z1RoUk9sRXM3Yjg4ZmZYRQo3OE1wMmdhYjc0ZVhqcjdXWDBpaHlWd21LRnZGdUxLSnlFYldrYnJjQjhCa2N1dERKQ0pWN1R4Y3lSMVJObCtFCmFIUER1cFdSbXZXRGFndm40bHloOGI2L2g5U2M0b1ZkdXRLQmZQcVVYV21xUnhCVkRjcVJpdERNSWpKRVJpZjcKbCthaU5yYWhjOHdLCi0tLS0tRU5EIENFUlRJRklDQVRFLS0tLS0K"
              }
            ],
            "cluster_id": null,
            "created_at": "2025-02-15 16:57:16.43 +0000 UTC",
            "enabled_cluster_log_types": [
              "api",
              "audit"
            ],
            "endpoint": "https://C9A3AE689EFD89BA55668A0C5848AC64.gr7.sa-east-1.eks.amazonaws.com",
            "id": "my-eks",
            "identity": [
              {
                "oidc": [
                  {
                    "issuer": "https://oidc.eks.sa-east-1.amazonaws.com/id/C9A3AE689EFD89BA55668A0C5848AC64"
                  }
                ]
              }
            ],
            "kubernetes_network_config": [
              {
                "ip_family": "ipv4",
                "service_ipv4_cidr": "172.20.0.0/16",
                "service_ipv6_cidr": ""
              }
            ],
            "name": "my-eks",
            "outpost_config": [],
            "platform_version": "eks.27",
            "role_arn": "arn:aws:iam::489047582581:role/my-eks-role",
            "status": "ACTIVE",
            "tags": {},
            "version": "1.30",
            "vpc_config": [
              {
                "cluster_security_group_id": "sg-0549a415663416885",
                "endpoint_private_access": false,
                "endpoint_public_access": true,
                "public_access_cidrs": [
                  "0.0.0.0/0"
                ],
                "security_group_ids": [
                  "sg-022d769cb14106a93",
                  "sg-0a894d34d01cb3385"
                ],
                "subnet_ids": [
                  "subnet-09454afe9d4ac488f",
                  "subnet-0994f931c1e68bbce"
                ],
                "vpc_id": "vpc-02495fdc4665f993d"
              }
            ]
          },
          "sensitive_attributes": []
        }
      ]
    },
    {
      "mode": "data",
      "type": "aws_eks_cluster_auth",
      "name": "my-aws-cluster-auth",
      "provider": "provider[\"registry.terraform.io/hashicorp/aws\"]",
      "instances": [
        {
          "schema_version": 0,
          "attributes": {
            "id": "my-eks",
            "name": "my-eks",
            "token": "k8s-aws-v1.aHR0cHM6Ly9zdHMuc2EtZWFzdC0xLmFtYXpvbmF3cy5jb20vP0FjdGlvbj1HZXRDYWxsZXJJZGVudGl0eSZWZXJzaW9uPTIwMTEtMDYtMTUmWC1BbXotQWxnb3JpdGhtPUFXUzQtSE1BQy1TSEEyNTYmWC1BbXotQ3JlZGVudGlhbD1BS0lBWERYTUI0NTJYREhLN0tDWCUyRjIwMjUwMjE1JTJGc2EtZWFzdC0xJTJGc3RzJTJGYXdzNF9yZXF1ZXN0JlgtQW16LURhdGU9MjAyNTAyMTVUMTY1NjU5WiZYLUFtei1FeHBpcmVzPTAmWC1BbXotU2lnbmVkSGVhZGVycz1ob3N0JTNCeC1rOHMtYXdzLWlkJlgtQW16LVNpZ25hdHVyZT0wNDA5NTQ3MmMzYjdkYjIwYTY0ZjhlNzIyZGYyZDBkZjU2Zjc1YjQwOWVjNzMyZWU3OTdiY2FmYWY2YjBkMmYy"
          },
          "sensitive_attributes": [
            [
              {
                "type": "get_attr",
                "value": "token"
              }
            ]
          ]
        }
      ]
    },
    {
      "mode": "data",
      "type": "terraform_remote_state",
      "name": "l0-vpc",
      "provider": "provider[\"terraform.io/builtin/terraform\"]",
      "instances": [
        {
          "schema_version": 0,
          "attributes": {
            "backend": "local",
            "config": {
              "value": {
                "path": "../tfstate/l0-vpc.tfstate"
              },
              "type": [
                "object",
                {
                  "path": "string"
                }
              ]
            },
            "defaults": null,
            "outputs": {
              "value": {
                "private_subnets_id": [
                  [
                    "subnet-0994f931c1e68bbce",
                    "subnet-09454afe9d4ac488f"
                  ]
                ],
                "public_subnets_id": [
                  [
                    "subnet-05abd631b57e0dae5",
                    "subnet-09233267cd4757753"
                  ]
                ],
                "security_groups_id": [
                  "sg-022d769cb14106a93",
                  "sg-0a894d34d01cb3385"
                ]
              },
              "type": [
                "object",
                {
                  "private_subnets_id": [
                    "tuple",
                    [
                      [
                        "tuple",
                        [
                          "string",
                          "string"
                        ]
                      ]
                    ]
                  ],
                  "public_subnets_id": [
                    "tuple",
                    [
                      [
                        "tuple",
                        [
                          "string",
                          "string"
                        ]
                      ]
                    ]
                  ],
                  "security_groups_id": [
                    "tuple",
                    [
                      "string",
                      "string"
                    ]
                  ]
                }
              ]
            },
            "workspace": null
          },
          "sensitive_attributes": []
        }
      ]
    },
    {
      "module": "module.my-cluster",
      "mode": "data",
      "type": "aws_iam_policy_document",
      "name": "assume_role",
      "provider": "provider[\"registry.terraform.io/hashicorp/aws\"]",
      "instances": [
        {
          "schema_version": 0,
          "attributes": {
            "id": "3552664922",
            "json": "{\n  \"Version\": \"2012-10-17\",\n  \"Statement\": [\n    {\n      \"Effect\": \"Allow\",\n      \"Action\": \"sts:AssumeRole\",\n      \"Principal\": {\n        \"Service\": \"eks.amazonaws.com\"\n      }\n    }\n  ]\n}",
            "minified_json": "{\"Version\":\"2012-10-17\",\"Statement\":[{\"Effect\":\"Allow\",\"Action\":\"sts:AssumeRole\",\"Principal\":{\"Service\":\"eks.amazonaws.com\"}}]}",
            "override_json": null,
            "override_policy_documents": null,
            "policy_id": null,
            "source_json": null,
            "source_policy_documents": null,
            "statement": [
              {
                "actions": [
                  "sts:AssumeRole"
                ],
                "condition": [],
                "effect": "Allow",
                "not_actions": [],
                "not_principals": [],
                "not_resources": [],
                "principals": [
                  {
                    "identifiers": [
                      "eks.amazonaws.com"
                    ],
                    "type": "Service"
                  }
                ],
                "resources": [],
                "sid": ""
              }
            ],
            "version": "2012-10-17"
          },
          "sensitive_attributes": []
        }
      ]
    },
    {
      "module": "module.my-cluster",
      "mode": "managed",
      "type": "aws_cloudwatch_log_group",
      "name": "my-eks-cloudwatch",
      "provider": "provider[\"registry.terraform.io/hashicorp/aws\"]",
      "instances": [
        {
          "index_key": 0,
          "schema_version": 0,
          "attributes": {
            "arn": "arn:aws:logs:sa-east-1:489047582581:log-group:/aws/eks/my-eks/cluster",
            "id": "/aws/eks/my-eks/cluster",
            "kms_key_id": "",
            "log_group_class": "STANDARD",
            "name": "/aws/eks/my-eks/cluster",
            "name_prefix": "",
            "retention_in_days": 7,
            "skip_destroy": false,
            "tags": null,
            "tags_all": {}
          },
          "sensitive_attributes": [],
          "private": "bnVsbA=="
        }
      ]
    },
    {
      "module": "module.my-cluster",
      "mode": "managed",
      "type": "aws_eks_cluster",
      "name": "my-cluster",
      "provider": "provider[\"registry.terraform.io/hashicorp/aws\"]",
      "instances": [
        {
          "schema_version": 0,
          "attributes": {
            "access_config": [
              {
                "authentication_mode": "CONFIG_MAP",
                "bootstrap_cluster_creator_admin_permissions": false
              }
            ],
            "arn": "arn:aws:eks:sa-east-1:489047582581:cluster/my-eks",
            "certificate_authority": [
              {
                "data": "LS0tLS1CRUdJTiBDRVJUSUZJQ0FURS0tLS0tCk1JSURCVENDQWUyZ0F3SUJBZ0lJV2NZemN4M1JDSGd3RFFZSktvWklodmNOQVFFTEJRQXdGVEVUTUJFR0ExVUUKQXhNS2EzVmlaWEp1WlhSbGN6QWVGdzB5TlRBeU1UVXhOalUyTlROYUZ3MHpOVEF5TVRNeE56QXhOVE5hTUJVeApFekFSQmdOVkJBTVRDbXQxWW1WeWJtVjBaWE13Z2dFaU1BMEdDU3FHU0liM0RRRUJBUVVBQTRJQkR3QXdnZ0VLCkFvSUJBUURudi9KcWdob25McmFWYVhleW91bnp0YlZXMnVJODZhRjdGSHVhU1Rpa05OMmd6SnJDVm0rdTI0VnQKYmNnNy9Ubi93TXlWWjdqSHRFS0hTaDZoZE1vNjJhTHU0d2xmNHVkUVZ6K2ViR0FPZzc1Y1dkSjM4QS9DNFdhVgo1VUZuczNtZDcyZTRrQXp3Q003RXVLQ1JkN0t1L1JXK1ArMHl1LzBma1hub2x2R2t3cUxJZW05aVlMUUhWTnN1CmUvOGM5QjZBM1dmblhnbm1QZTFzOVlVelNpOHR3WVd5YUhBRXlHY2xzYWYxNUduOEZoN1FUV0p5U3NRRCtpR3kKbmhMcGNzeTlweGk2b0pLUnpqaUZFMzdDeWkvVWZuSnNKaEhXQm1CaU81dDdGUHdQUkRUZjRHbm1VbU9ZV0c3bApKYkhFK2NhZFZsNFVYTFJtYzRMR0llbXBxN1VKQWdNQkFBR2pXVEJYTUE0R0ExVWREd0VCL3dRRUF3SUNwREFQCkJnTlZIUk1CQWY4RUJUQURBUUgvTUIwR0ExVWREZ1FXQkJSTm9RbWdmazVvOURhYSt3bFg3ZlRobkt2dytEQVYKQmdOVkhSRUVEakFNZ2dwcmRXSmxjbTVsZEdWek1BMEdDU3FHU0liM0RRRUJDd1VBQTRJQkFRQlZFVVRDTXc2UQpmMUJnQUtxNU5SVFJ3OHVMa0gvUXJNRmJrK2VIOUJINTIzZ2FNZmRST0dpOUx4RUNhU3JFN1RTTk1lamU4cUFsCjJ0SXJRZ0E3Q0R4dHE2ZDBFbkd4ZGxSaU5OMWxrZncveE5rbU5NS29HV0RKdjNnU2ozVHpHYlAzZXBpQW1DOFcKTHNPY0p2M0pWU3pCK0N0NTJRYm94MjY4cUwvdTdMMHdCTXprYzNtL1kyK0dJdXo3Z1RoUk9sRXM3Yjg4ZmZYRQo3OE1wMmdhYjc0ZVhqcjdXWDBpaHlWd21LRnZGdUxLSnlFYldrYnJjQjhCa2N1dERKQ0pWN1R4Y3lSMVJObCtFCmFIUER1cFdSbXZXRGFndm40bHloOGI2L2g5U2M0b1ZkdXRLQmZQcVVYV21xUnhCVkRjcVJpdERNSWpKRVJpZjcKbCthaU5yYWhjOHdLCi0tLS0tRU5EIENFUlRJRklDQVRFLS0tLS0K"
              }
            ],
            "cluster_id": null,
            "created_at": "2025-02-15 16:57:16.43 +0000 UTC",
            "enabled_cluster_log_types": [
              "api",
              "audit"
            ],
            "encryption_config": [],
            "endpoint": "https://C9A3AE689EFD89BA55668A0C5848AC64.gr7.sa-east-1.eks.amazonaws.com",
            "id": "my-eks",
            "identity": [
              {
                "oidc": [
                  {
                    "issuer": "https://oidc.eks.sa-east-1.amazonaws.com/id/C9A3AE689EFD89BA55668A0C5848AC64"
                  }
                ]
              }
            ],
            "kubernetes_network_config": [
              {
                "ip_family": "ipv4",
                "service_ipv4_cidr": "172.20.0.0/16",
                "service_ipv6_cidr": ""
              }
            ],
            "name": "my-eks",
            "outpost_config": [],
            "platform_version": "eks.27",
            "role_arn": "arn:aws:iam::489047582581:role/my-eks-role",
            "status": "ACTIVE",
            "tags": null,
            "tags_all": {},
            "timeouts": null,
            "version": "1.30",
            "vpc_config": [
              {
                "cluster_security_group_id": "sg-0549a415663416885",
                "endpoint_private_access": false,
                "endpoint_public_access": true,
                "public_access_cidrs": [
                  "0.0.0.0/0"
                ],
                "security_group_ids": [
                  "sg-022d769cb14106a93",
                  "sg-0a894d34d01cb3385"
                ],
                "subnet_ids": [
                  "subnet-09454afe9d4ac488f",
                  "subnet-0994f931c1e68bbce"
                ],
                "vpc_id": "vpc-02495fdc4665f993d"
              }
            ]
          },
          "sensitive_attributes": [],
          "private": "eyJlMmJmYjczMC1lY2FhLTExZTYtOGY4OC0zNDM2M2JjN2M0YzAiOnsiY3JlYXRlIjoxODAwMDAwMDAwMDAwLCJkZWxldGUiOjkwMDAwMDAwMDAwMCwidXBkYXRlIjozNjAwMDAwMDAwMDAwfX0=",
          "dependencies": [
            "data.terraform_remote_state.l0-vpc",
            "module.my-cluster.aws_cloudwatch_log_group.my-eks-cloudwatch",
            "module.my-cluster.aws_iam_role.eks-cluster-role-create",
            "module.my-cluster.aws_iam_role_policy_attachment.eks-cluster-AmazonEKSClusterPolicy",
            "module.my-cluster.aws_iam_role_policy_attachment.eks-cluster-AmazonEKSVPCResourceController",
            "module.my-cluster.data.aws_iam_policy_document.assume_role",
            "module.my-cluster.data.aws_iam_role.eks-cluster-role-use"
          ]
        }
      ]
    },
    {
      "module": "module.my-cluster",
      "mode": "managed",
      "type": "aws_iam_role",
      "name": "eks-cluster-role-create",
      "provider": "provider[\"registry.terraform.io/hashicorp/aws\"]",
      "instances": [
        {
          "index_key": 0,
          "schema_version": 0,
          "attributes": {
            "arn": "arn:aws:iam::489047582581:role/my-eks-role",
            "assume_role_policy": "{\"Statement\":[{\"Action\":\"sts:AssumeRole\",\"Effect\":\"Allow\",\"Principal\":{\"Service\":\"eks.amazonaws.com\"}}],\"Version\":\"2012-10-17\"}",
            "create_date": "2025-02-15T16:57:12Z",
            "description": "",
            "force_detach_policies": false,
            "id": "my-eks-role",
            "inline_policy": [],
            "managed_policy_arns": [],
            "max_session_duration": 3600,
            "name": "my-eks-role",
            "name_prefix": "",
            "path": "/",
            "permissions_boundary": "",
            "tags": null,
            "tags_all": {},
            "unique_id": "AROAXDXMB4523OPYRI4BA"
          },
          "sensitive_attributes": [],
          "private": "bnVsbA==",
          "dependencies": [
            "module.my-cluster.data.aws_iam_policy_document.assume_role"
          ]
        }
      ]
    },
    {
      "module": "module.my-cluster",
      "mode": "managed",
      "type": "aws_iam_role_policy_attachment",
      "name": "eks-cluster-AmazonEKSClusterPolicy",
      "provider": "provider[\"registry.terraform.io/hashicorp/aws\"]",
      "instances": [
        {
          "index_key": 0,
          "schema_version": 0,
          "attributes": {
            "id": "my-eks-role-20250215165714185300000001",
            "policy_arn": "arn:aws:iam::aws:policy/AmazonEKSClusterPolicy",
            "role": "my-eks-role"
          },
          "sensitive_attributes": [],
          "private": "bnVsbA==",
          "dependencies": [
            "module.my-cluster.aws_iam_role.eks-cluster-role-create",
            "module.my-cluster.data.aws_iam_policy_document.assume_role",
            "module.my-cluster.data.aws_iam_role.eks-cluster-role-use"
          ]
        }
      ]
    },
    {
      "module": "module.my-cluster",
      "mode": "managed",
      "type": "aws_iam_role_policy_attachment",
      "name": "eks-cluster-AmazonEKSVPCResourceController",
      "provider": "provider[\"registry.terraform.io/hashicorp/aws\"]",
      "instances": [
        {
          "index_key": 0,
          "schema_version": 0,
          "attributes": {
            "id": "my-eks-role-20250215165714397800000002",
            "policy_arn": "arn:aws:iam::aws:policy/AmazonEKSVPCResourceController",
            "role": "my-eks-role"
          },
          "sensitive_attributes": [],
          "private": "bnVsbA==",
          "dependencies": [
            "module.my-cluster.aws_iam_role.eks-cluster-role-create",
            "module.my-cluster.data.aws_iam_policy_document.assume_role",
            "module.my-cluster.data.aws_iam_role.eks-cluster-role-use"
          ]
        }
      ]
    },
    {
      "module": "module.my-namespaces",
      "mode": "managed",
      "type": "kubernetes_namespace",
      "name": "example",
      "provider": "provider[\"registry.terraform.io/hashicorp/kubernetes\"]",
      "instances": [
        {
          "index_key": "metadata1",
          "schema_version": 0,
          "attributes": {
            "id": "alb-controller",
            "metadata": [
              {
                "annotations": null,
                "generate_name": "",
                "generation": 0,
                "labels": null,
                "name": "alb-controller",
                "resource_version": "687",
                "uid": "91ccb2a7-c35c-45b6-a0c1-85de1b5ec02f"
              }
            ],
            "timeouts": null,
            "wait_for_default_service_account": false
          },
          "sensitive_attributes": [],
          "private": "eyJlMmJmYjczMC1lY2FhLTExZTYtOGY4OC0zNDM2M2JjN2M0YzAiOnsiZGVsZXRlIjozMDAwMDAwMDAwMDB9fQ==",
          "dependencies": [
            "data.aws_eks_cluster.my-aws-cluster",
            "data.aws_eks_cluster_auth.my-aws-cluster-auth",
            "data.terraform_remote_state.l0-vpc",
            "module.my-cluster.aws_cloudwatch_log_group.my-eks-cloudwatch",
            "module.my-cluster.aws_eks_cluster.my-cluster",
            "module.my-cluster.aws_iam_role.eks-cluster-role-create",
            "module.my-cluster.aws_iam_role_policy_attachment.eks-cluster-AmazonEKSClusterPolicy",
            "module.my-cluster.aws_iam_role_policy_attachment.eks-cluster-AmazonEKSVPCResourceController",
            "module.my-cluster.data.aws_iam_policy_document.assume_role",
            "module.my-cluster.data.aws_iam_role.eks-cluster-role-use"
          ]
        }
      ]
    },
    {
      "module": "module.my-node-group",
      "mode": "managed",
      "type": "aws_eks_node_group",
      "name": "my-eks-node-group",
      "provider": "provider[\"registry.terraform.io/hashicorp/aws\"]",
      "instances": [
        {
          "schema_version": 0,
          "attributes": {
            "ami_type": "AL2_x86_64",
            "arn": "arn:aws:eks:sa-east-1:489047582581:nodegroup/my-eks/my-eks-ng/f6ca8548-b9dc-6fc2-ec6b-4d7d183ac6f6",
            "capacity_type": "ON_DEMAND",
            "cluster_name": "my-eks",
            "disk_size": 50,
            "force_update_version": null,
            "id": "my-eks:my-eks-ng",
            "instance_types": [
              "t3.medium"
            ],
            "labels": null,
            "launch_template": [],
            "node_group_name": "my-eks-ng",
            "node_group_name_prefix": "",
            "node_role_arn": "arn:aws:iam::489047582581:role/my-eks-ng-role",
            "release_version": "1.30.8-20250203",
            "remote_access": [],
            "resources": [
              {
                "autoscaling_groups": [
                  {
                    "name": "eks-my-eks-ng-f6ca8548-b9dc-6fc2-ec6b-4d7d183ac6f6"
                  }
                ],
                "remote_access_security_group_id": ""
              }
            ],
            "scaling_config": [
              {
                "desired_size": 1,
                "max_size": 2,
                "min_size": 1
              }
            ],
            "status": "ACTIVE",
            "subnet_ids": [
              "subnet-09454afe9d4ac488f",
              "subnet-0994f931c1e68bbce"
            ],
            "tags": null,
            "tags_all": {},
            "taint": [],
            "timeouts": null,
            "update_config": [
              {
                "max_unavailable": 1,
                "max_unavailable_percentage": 0
              }
            ],
            "version": "1.30"
          },
          "sensitive_attributes": [],
          "private": "eyJlMmJmYjczMC1lY2FhLTExZTYtOGY4OC0zNDM2M2JjN2M0YzAiOnsiY3JlYXRlIjozNjAwMDAwMDAwMDAwLCJkZWxldGUiOjM2MDAwMDAwMDAwMDAsInVwZGF0ZSI6MzYwMDAwMDAwMDAwMH19",
          "dependencies": [
            "data.terraform_remote_state.l0-vpc",
            "module.my-cluster.aws_cloudwatch_log_group.my-eks-cloudwatch",
            "module.my-cluster.aws_eks_cluster.my-cluster",
            "module.my-cluster.aws_iam_role.eks-cluster-role-create",
            "module.my-cluster.aws_iam_role_policy_attachment.eks-cluster-AmazonEKSClusterPolicy",
            "module.my-cluster.aws_iam_role_policy_attachment.eks-cluster-AmazonEKSVPCResourceController",
            "module.my-cluster.data.aws_iam_policy_document.assume_role",
            "module.my-cluster.data.aws_iam_role.eks-cluster-role-use",
            "module.my-node-group.aws_iam_role.eks-ng-cluster-role",
            "module.my-node-group.aws_iam_role_policy_attachment.eks-cluster-AmazonEC2ContainerRegistryReadOnly",
            "module.my-node-group.aws_iam_role_policy_attachment.eks-cluster-AmazonEKSWorkerNodePolicy",
            "module.my-node-group.aws_iam_role_policy_attachment.eks-cluster-AmazonEKS_CNI_Policy"
          ]
        }
      ]
    },
    {
      "module": "module.my-node-group",
      "mode": "managed",
      "type": "aws_iam_role",
      "name": "eks-ng-cluster-role",
      "provider": "provider[\"registry.terraform.io/hashicorp/aws\"]",
      "instances": [
        {
          "schema_version": 0,
          "attributes": {
            "arn": "arn:aws:iam::489047582581:role/my-eks-ng-role",
            "assume_role_policy": "{\"Statement\":[{\"Action\":\"sts:AssumeRole\",\"Effect\":\"Allow\",\"Principal\":{\"Service\":\"ec2.amazonaws.com\"}}],\"Version\":\"2012-10-17\"}",
            "create_date": "2025-02-15T17:04:17Z",
            "description": "",
            "force_detach_policies": false,
            "id": "my-eks-ng-role",
            "inline_policy": [],
            "managed_policy_arns": [],
            "max_session_duration": 3600,
            "name": "my-eks-ng-role",
            "name_prefix": "",
            "path": "/",
            "permissions_boundary": "",
            "tags": null,
            "tags_all": {},
            "unique_id": "AROAXDXMB452WUJ2DTUX3"
          },
          "sensitive_attributes": [],
          "private": "bnVsbA==",
          "dependencies": [
            "data.terraform_remote_state.l0-vpc",
            "module.my-cluster.aws_cloudwatch_log_group.my-eks-cloudwatch",
            "module.my-cluster.aws_eks_cluster.my-cluster",
            "module.my-cluster.aws_iam_role.eks-cluster-role-create",
            "module.my-cluster.aws_iam_role_policy_attachment.eks-cluster-AmazonEKSClusterPolicy",
            "module.my-cluster.aws_iam_role_policy_attachment.eks-cluster-AmazonEKSVPCResourceController",
            "module.my-cluster.data.aws_iam_policy_document.assume_role",
            "module.my-cluster.data.aws_iam_role.eks-cluster-role-use"
          ]
        }
      ]
    },
    {
      "module": "module.my-node-group",
      "mode": "managed",
      "type": "aws_iam_role_policy_attachment",
      "name": "eks-cluster-AmazonEC2ContainerRegistryReadOnly",
      "provider": "provider[\"registry.terraform.io/hashicorp/aws\"]",
      "instances": [
        {
          "schema_version": 0,
          "attributes": {
            "id": "my-eks-ng-role-20250215170418953000000003",
            "policy_arn": "arn:aws:iam::aws:policy/AmazonEC2ContainerRegistryReadOnly",
            "role": "my-eks-ng-role"
          },
          "sensitive_attributes": [],
          "private": "bnVsbA==",
          "dependencies": [
            "data.terraform_remote_state.l0-vpc",
            "module.my-cluster.aws_cloudwatch_log_group.my-eks-cloudwatch",
            "module.my-cluster.aws_eks_cluster.my-cluster",
            "module.my-cluster.aws_iam_role.eks-cluster-role-create",
            "module.my-cluster.aws_iam_role_policy_attachment.eks-cluster-AmazonEKSClusterPolicy",
            "module.my-cluster.aws_iam_role_policy_attachment.eks-cluster-AmazonEKSVPCResourceController",
            "module.my-cluster.data.aws_iam_policy_document.assume_role",
            "module.my-cluster.data.aws_iam_role.eks-cluster-role-use",
            "module.my-node-group.aws_iam_role.eks-ng-cluster-role"
          ]
        }
      ]
    },
    {
      "module": "module.my-node-group",
      "mode": "managed",
      "type": "aws_iam_role_policy_attachment",
      "name": "eks-cluster-AmazonEKSVPCResourceController",
      "provider": "provider[\"registry.terraform.io/hashicorp/aws\"]",
      "instances": [
        {
          "schema_version": 0,
          "attributes": {
            "id": "my-eks-ng-role-20250215170419381000000005",
            "policy_arn": "arn:aws:iam::aws:policy/AmazonEKSVPCResourceController",
            "role": "my-eks-ng-role"
          },
          "sensitive_attributes": [],
          "private": "bnVsbA==",
          "dependencies": [
            "data.terraform_remote_state.l0-vpc",
            "module.my-cluster.aws_cloudwatch_log_group.my-eks-cloudwatch",
            "module.my-cluster.aws_eks_cluster.my-cluster",
            "module.my-cluster.aws_iam_role.eks-cluster-role-create",
            "module.my-cluster.aws_iam_role_policy_attachment.eks-cluster-AmazonEKSClusterPolicy",
            "module.my-cluster.aws_iam_role_policy_attachment.eks-cluster-AmazonEKSVPCResourceController",
            "module.my-cluster.data.aws_iam_policy_document.assume_role",
            "module.my-cluster.data.aws_iam_role.eks-cluster-role-use",
            "module.my-node-group.aws_iam_role.eks-ng-cluster-role"
          ]
        }
      ]
    },
    {
      "module": "module.my-node-group",
      "mode": "managed",
      "type": "aws_iam_role_policy_attachment",
      "name": "eks-cluster-AmazonEKSWorkerNodePolicy",
      "provider": "provider[\"registry.terraform.io/hashicorp/aws\"]",
      "instances": [
        {
          "schema_version": 0,
          "attributes": {
            "id": "my-eks-ng-role-20250215170419172500000004",
            "policy_arn": "arn:aws:iam::aws:policy/AmazonEKSWorkerNodePolicy",
            "role": "my-eks-ng-role"
          },
          "sensitive_attributes": [],
          "private": "bnVsbA==",
          "dependencies": [
            "data.terraform_remote_state.l0-vpc",
            "module.my-cluster.aws_cloudwatch_log_group.my-eks-cloudwatch",
            "module.my-cluster.aws_eks_cluster.my-cluster",
            "module.my-cluster.aws_iam_role.eks-cluster-role-create",
            "module.my-cluster.aws_iam_role_policy_attachment.eks-cluster-AmazonEKSClusterPolicy",
            "module.my-cluster.aws_iam_role_policy_attachment.eks-cluster-AmazonEKSVPCResourceController",
            "module.my-cluster.data.aws_iam_policy_document.assume_role",
            "module.my-cluster.data.aws_iam_role.eks-cluster-role-use",
            "module.my-node-group.aws_iam_role.eks-ng-cluster-role"
          ]
        }
      ]
    },
    {
      "module": "module.my-node-group",
      "mode": "managed",
      "type": "aws_iam_role_policy_attachment",
      "name": "eks-cluster-AmazonEKS_CNI_Policy",
      "provider": "provider[\"registry.terraform.io/hashicorp/aws\"]",
      "instances": [
        {
          "schema_version": 0,
          "attributes": {
            "id": "my-eks-ng-role-20250215170419383600000006",
            "policy_arn": "arn:aws:iam::aws:policy/AmazonEKS_CNI_Policy",
            "role": "my-eks-ng-role"
          },
          "sensitive_attributes": [],
          "private": "bnVsbA==",
          "dependencies": [
            "data.terraform_remote_state.l0-vpc",
            "module.my-cluster.aws_cloudwatch_log_group.my-eks-cloudwatch",
            "module.my-cluster.aws_eks_cluster.my-cluster",
            "module.my-cluster.aws_iam_role.eks-cluster-role-create",
            "module.my-cluster.aws_iam_role_policy_attachment.eks-cluster-AmazonEKSClusterPolicy",
            "module.my-cluster.aws_iam_role_policy_attachment.eks-cluster-AmazonEKSVPCResourceController",
            "module.my-cluster.data.aws_iam_policy_document.assume_role",
            "module.my-cluster.data.aws_iam_role.eks-cluster-role-use",
            "module.my-node-group.aws_iam_role.eks-ng-cluster-role"
          ]
        }
      ]
    }
  ],
  "check_results": null
}
