{
  "version": 4,
  "terraform_version": "1.10.5",
  "serial": 15,
  "lineage": "becae15f-112e-13c5-d7c4-e23f20ee6971",
  "outputs": {
    "eks-name": {
      "value": "my-eks",
      "type": "string"
    },
    "identity-oidc-issuer": {
      "value": "https://oidc.eks.sa-east-1.amazonaws.com/id/2FCA7E54CD53739788BC9975A7E016F5",
      "type": "string"
    },
    "node-group-role-name": {
      "value": "my-eks-ng-role",
      "type": "string"
    }
  },
  "resources": [
    {
      "mode": "data",
      "type": "aws_eks_cluster",
      "name": "my-aws-cluster",
      "provider": "provider[\"registry.terraform.io/hashicorp/aws\"]",
      "instances": [
        {
          "schema_version": 0,
          "attributes": {
            "access_config": [
              {
                "authentication_mode": "CONFIG_MAP"
              }
            ],
            "arn": "arn:aws:eks:sa-east-1:489047582581:cluster/my-eks",
            "certificate_authority": [
              {
                "data": "LS0tLS1CRUdJTiBDRVJUSUZJQ0FURS0tLS0tCk1JSURCVENDQWUyZ0F3SUJBZ0lJQzh6UHQ5ZjZZamN3RFFZSktvWklodmNOQVFFTEJRQXdGVEVUTUJFR0ExVUUKQXhNS2EzVmlaWEp1WlhSbGN6QWVGdzB5TlRBeU1UUXhOekEyTlRWYUZ3MHpOVEF5TVRJeE56RXhOVFZhTUJVeApFekFSQmdOVkJBTVRDbXQxWW1WeWJtVjBaWE13Z2dFaU1BMEdDU3FHU0liM0RRRUJBUVVBQTRJQkR3QXdnZ0VLCkFvSUJBUUNzMjJ4M3RYdGdibjNhbmJPUWJheDUzMXc4dFhnck5NNlJjOGZMY1JHSlI4di9pRmFDcjFoeGIydFMKL2NjYWhhMEtNdFRHOEVwSXNFeXZkaHJyVUtZNlo5K29JYVpwT29mNjVkajZEL0F4azFuNWZWckNKR0FhenVCRwpMSmNmLzhyL1pYSXl1dkU5SmlZOVJMU2NhbEVuTEZFdFZiYzByYnE2VnJ1dWt2ZTc4bVFPZkY3enE5V05tcUd0CjFhZnpCQzFGVlMxWWlBREp6OVdTSGJMYWtCQWlHZEhnbGdlTDJwcG9vZHVDYzRleU9YblBPeHI3UXp1ZmFqUmIKdXd6WHlGckxYMlZMVTQ1dHM3UGRJZG4wbXFzQ2ZhUWZWUnhYSFdXSUZDQkJzRXRxdzdXbWRoYTdSWUp4RjVCNAo4MVpHNFZYbDg1U1BKRmx2OURqUmFrREhCcVlKQWdNQkFBR2pXVEJYTUE0R0ExVWREd0VCL3dRRUF3SUNwREFQCkJnTlZIUk1CQWY4RUJUQURBUUgvTUIwR0ExVWREZ1FXQkJSSWNraDNoRUtWT251WG93N2NxY2EvT0tlK1pqQVYKQmdOVkhSRUVEakFNZ2dwcmRXSmxjbTVsZEdWek1BMEdDU3FHU0liM0RRRUJDd1VBQTRJQkFRQ1pDdG8wbTFxNAo5Y0R3Q0s5MzNZQ1gxRmIxUGppVW9RTmFkVVdHS2NZM0lBOFUwVkthVFNZZ0tBb1VRRy95OXJkaTFpMDlEVFBuCmxzRDRRMk9BNU4vRE5wRFByUUNXTEdBK1ZDWUYxV0k0eVhZdjErbEp4TWw1Mk5VZlBNYWlETGRpdFp4MEgwZ1oKS3RMNVZ1Vjg4N2JEQ2ZtbmdhamxMQzJlSVEzSG9KVG4rV0Y3MzF0Yng1aEh1N1Z0UHpNN3V5dVhCSmd5SmluTwpUMjRmc1k3K29XNzc3S1BMOVI0RitWM2NTUDRhUGp0amV2dE03YTU3eXRBS1UrVkhTZnIwbkZZWUVvQXNIdFg2CnZNR1F2UWFuWG5MRUtEMTFsdXNlUGplaEZoTFlhUXFsY1FOa3drbm82QitnbFlDMTFQa1hMQVM2MlB1ZitWY2QKN01iYUZBd0oyZHlXCi0tLS0tRU5EIENFUlRJRklDQVRFLS0tLS0K"
              }
            ],
            "cluster_id": null,
            "created_at": "2025-02-14 17:07:23.482 +0000 UTC",
            "enabled_cluster_log_types": [
              "api",
              "audit"
            ],
            "endpoint": "https://2FCA7E54CD53739788BC9975A7E016F5.gr7.sa-east-1.eks.amazonaws.com",
            "id": "my-eks",
            "identity": [
              {
                "oidc": [
                  {
                    "issuer": "https://oidc.eks.sa-east-1.amazonaws.com/id/2FCA7E54CD53739788BC9975A7E016F5"
                  }
                ]
              }
            ],
            "kubernetes_network_config": [
              {
                "ip_family": "ipv4",
                "service_ipv4_cidr": "172.20.0.0/16",
                "service_ipv6_cidr": ""
              }
            ],
            "name": "my-eks",
            "outpost_config": [],
            "platform_version": "eks.27",
            "role_arn": "arn:aws:iam::489047582581:role/my-eks-role",
            "status": "ACTIVE",
            "tags": {},
            "version": "1.30",
            "vpc_config": [
              {
                "cluster_security_group_id": "sg-0ce610d44f9c7d08a",
                "endpoint_private_access": false,
                "endpoint_public_access": true,
                "public_access_cidrs": [
                  "0.0.0.0/0"
                ],
                "security_group_ids": [
                  "sg-01f18e5dc7e0e5c7d",
                  "sg-0427263870b8f9be7"
                ],
                "subnet_ids": [
                  "subnet-048636683801457fd",
                  "subnet-0ddc650f89b33d823"
                ],
                "vpc_id": "vpc-0219e9058efafed15"
              }
            ]
          },
          "sensitive_attributes": []
        }
      ]
    },
    {
      "mode": "data",
      "type": "aws_eks_cluster_auth",
      "name": "my-aws-cluster-auth",
      "provider": "provider[\"registry.terraform.io/hashicorp/aws\"]",
      "instances": [
        {
          "schema_version": 0,
          "attributes": {
            "id": "my-eks",
            "name": "my-eks",
            "token": "k8s-aws-v1.aHR0cHM6Ly9zdHMuc2EtZWFzdC0xLmFtYXpvbmF3cy5jb20vP0FjdGlvbj1HZXRDYWxsZXJJZGVudGl0eSZWZXJzaW9uPTIwMTEtMDYtMTUmWC1BbXotQWxnb3JpdGhtPUFXUzQtSE1BQy1TSEEyNTYmWC1BbXotQ3JlZGVudGlhbD1BS0lBWERYTUI0NTJYREhLN0tDWCUyRjIwMjUwMjE0JTJGc2EtZWFzdC0xJTJGc3RzJTJGYXdzNF9yZXF1ZXN0JlgtQW16LURhdGU9MjAyNTAyMTRUMTcwNzEyWiZYLUFtei1FeHBpcmVzPTAmWC1BbXotU2lnbmVkSGVhZGVycz1ob3N0JTNCeC1rOHMtYXdzLWlkJlgtQW16LVNpZ25hdHVyZT0wOTI0NjcyMmRjMTc1NDQ5Yzg3N2Q2ZjA0ZjBlMjQ3Yjk3MjdhODE2NWFlNDExYWM2YzVjY2M4NjBhMTAwMzlk"
          },
          "sensitive_attributes": [
            [
              {
                "type": "get_attr",
                "value": "token"
              }
            ]
          ]
        }
      ]
    },
    {
      "mode": "data",
      "type": "terraform_remote_state",
      "name": "l0-vpc",
      "provider": "provider[\"terraform.io/builtin/terraform\"]",
      "instances": [
        {
          "schema_version": 0,
          "attributes": {
            "backend": "local",
            "config": {
              "value": {
                "path": "../tfstate/l0-vpc.tfstate"
              },
              "type": [
                "object",
                {
                  "path": "string"
                }
              ]
            },
            "defaults": null,
            "outputs": {
              "value": {
                "private_subnets_id": [
                  [
                    "subnet-0ddc650f89b33d823",
                    "subnet-048636683801457fd"
                  ]
                ],
                "public_subnets_id": [
                  [
                    "subnet-0fd84ea6ff514b4d6",
                    "subnet-0674620880c3d5df1"
                  ]
                ],
                "security_groups_id": [
                  "sg-0427263870b8f9be7",
                  "sg-01f18e5dc7e0e5c7d"
                ]
              },
              "type": [
                "object",
                {
                  "private_subnets_id": [
                    "tuple",
                    [
                      [
                        "tuple",
                        [
                          "string",
                          "string"
                        ]
                      ]
                    ]
                  ],
                  "public_subnets_id": [
                    "tuple",
                    [
                      [
                        "tuple",
                        [
                          "string",
                          "string"
                        ]
                      ]
                    ]
                  ],
                  "security_groups_id": [
                    "tuple",
                    [
                      "string",
                      "string"
                    ]
                  ]
                }
              ]
            },
            "workspace": null
          },
          "sensitive_attributes": []
        }
      ]
    },
    {
      "mode": "managed",
      "type": "null_resource",
      "name": "cluster_authentication",
      "provider": "provider[\"registry.terraform.io/hashicorp/null\"]",
      "instances": [
        {
          "schema_version": 0,
          "attributes": {
            "id": "1805375685394420204",
            "triggers": null
          },
          "sensitive_attributes": [],
          "dependencies": [
            "data.terraform_remote_state.l0-vpc",
            "module.my-cluster.aws_cloudwatch_log_group.my-eks-cloudwatch",
            "module.my-cluster.aws_eks_cluster.my-cluster",
            "module.my-cluster.aws_iam_role.eks-cluster-role-create",
            "module.my-cluster.aws_iam_role_policy_attachment.eks-cluster-AmazonEKSClusterPolicy",
            "module.my-cluster.aws_iam_role_policy_attachment.eks-cluster-AmazonEKSVPCResourceController",
            "module.my-cluster.data.aws_iam_policy_document.assume_role",
            "module.my-cluster.data.aws_iam_role.eks-cluster-role-use"
          ]
        }
      ]
    },
    {
      "module": "module.my-cluster",
      "mode": "data",
      "type": "aws_iam_policy_document",
      "name": "assume_role",
      "provider": "provider[\"registry.terraform.io/hashicorp/aws\"]",
      "instances": [
        {
          "schema_version": 0,
          "attributes": {
            "id": "3552664922",
            "json": "{\n  \"Version\": \"2012-10-17\",\n  \"Statement\": [\n    {\n      \"Effect\": \"Allow\",\n      \"Action\": \"sts:AssumeRole\",\n      \"Principal\": {\n        \"Service\": \"eks.amazonaws.com\"\n      }\n    }\n  ]\n}",
            "minified_json": "{\"Version\":\"2012-10-17\",\"Statement\":[{\"Effect\":\"Allow\",\"Action\":\"sts:AssumeRole\",\"Principal\":{\"Service\":\"eks.amazonaws.com\"}}]}",
            "override_json": null,
            "override_policy_documents": null,
            "policy_id": null,
            "source_json": null,
            "source_policy_documents": null,
            "statement": [
              {
                "actions": [
                  "sts:AssumeRole"
                ],
                "condition": [],
                "effect": "Allow",
                "not_actions": [],
                "not_principals": [],
                "not_resources": [],
                "principals": [
                  {
                    "identifiers": [
                      "eks.amazonaws.com"
                    ],
                    "type": "Service"
                  }
                ],
                "resources": [],
                "sid": ""
              }
            ],
            "version": "2012-10-17"
          },
          "sensitive_attributes": []
        }
      ]
    },
    {
      "module": "module.my-cluster",
      "mode": "managed",
      "type": "aws_cloudwatch_log_group",
      "name": "my-eks-cloudwatch",
      "provider": "provider[\"registry.terraform.io/hashicorp/aws\"]",
      "instances": [
        {
          "index_key": 0,
          "schema_version": 0,
          "attributes": {
            "arn": "arn:aws:logs:sa-east-1:489047582581:log-group:/aws/eks/my-eks/cluster",
            "id": "/aws/eks/my-eks/cluster",
            "kms_key_id": "",
            "log_group_class": "STANDARD",
            "name": "/aws/eks/my-eks/cluster",
            "name_prefix": "",
            "retention_in_days": 7,
            "skip_destroy": false,
            "tags": null,
            "tags_all": {}
          },
          "sensitive_attributes": [],
          "private": "bnVsbA=="
        }
      ]
    },
    {
      "module": "module.my-cluster",
      "mode": "managed",
      "type": "aws_eks_cluster",
      "name": "my-cluster",
      "provider": "provider[\"registry.terraform.io/hashicorp/aws\"]",
      "instances": [
        {
          "schema_version": 0,
          "attributes": {
            "access_config": [
              {
                "authentication_mode": "CONFIG_MAP",
                "bootstrap_cluster_creator_admin_permissions": false
              }
            ],
            "arn": "arn:aws:eks:sa-east-1:489047582581:cluster/my-eks",
            "certificate_authority": [
              {
                "data": "LS0tLS1CRUdJTiBDRVJUSUZJQ0FURS0tLS0tCk1JSURCVENDQWUyZ0F3SUJBZ0lJQzh6UHQ5ZjZZamN3RFFZSktvWklodmNOQVFFTEJRQXdGVEVUTUJFR0ExVUUKQXhNS2EzVmlaWEp1WlhSbGN6QWVGdzB5TlRBeU1UUXhOekEyTlRWYUZ3MHpOVEF5TVRJeE56RXhOVFZhTUJVeApFekFSQmdOVkJBTVRDbXQxWW1WeWJtVjBaWE13Z2dFaU1BMEdDU3FHU0liM0RRRUJBUVVBQTRJQkR3QXdnZ0VLCkFvSUJBUUNzMjJ4M3RYdGdibjNhbmJPUWJheDUzMXc4dFhnck5NNlJjOGZMY1JHSlI4di9pRmFDcjFoeGIydFMKL2NjYWhhMEtNdFRHOEVwSXNFeXZkaHJyVUtZNlo5K29JYVpwT29mNjVkajZEL0F4azFuNWZWckNKR0FhenVCRwpMSmNmLzhyL1pYSXl1dkU5SmlZOVJMU2NhbEVuTEZFdFZiYzByYnE2VnJ1dWt2ZTc4bVFPZkY3enE5V05tcUd0CjFhZnpCQzFGVlMxWWlBREp6OVdTSGJMYWtCQWlHZEhnbGdlTDJwcG9vZHVDYzRleU9YblBPeHI3UXp1ZmFqUmIKdXd6WHlGckxYMlZMVTQ1dHM3UGRJZG4wbXFzQ2ZhUWZWUnhYSFdXSUZDQkJzRXRxdzdXbWRoYTdSWUp4RjVCNAo4MVpHNFZYbDg1U1BKRmx2OURqUmFrREhCcVlKQWdNQkFBR2pXVEJYTUE0R0ExVWREd0VCL3dRRUF3SUNwREFQCkJnTlZIUk1CQWY4RUJUQURBUUgvTUIwR0ExVWREZ1FXQkJSSWNraDNoRUtWT251WG93N2NxY2EvT0tlK1pqQVYKQmdOVkhSRUVEakFNZ2dwcmRXSmxjbTVsZEdWek1BMEdDU3FHU0liM0RRRUJDd1VBQTRJQkFRQ1pDdG8wbTFxNAo5Y0R3Q0s5MzNZQ1gxRmIxUGppVW9RTmFkVVdHS2NZM0lBOFUwVkthVFNZZ0tBb1VRRy95OXJkaTFpMDlEVFBuCmxzRDRRMk9BNU4vRE5wRFByUUNXTEdBK1ZDWUYxV0k0eVhZdjErbEp4TWw1Mk5VZlBNYWlETGRpdFp4MEgwZ1oKS3RMNVZ1Vjg4N2JEQ2ZtbmdhamxMQzJlSVEzSG9KVG4rV0Y3MzF0Yng1aEh1N1Z0UHpNN3V5dVhCSmd5SmluTwpUMjRmc1k3K29XNzc3S1BMOVI0RitWM2NTUDRhUGp0amV2dE03YTU3eXRBS1UrVkhTZnIwbkZZWUVvQXNIdFg2CnZNR1F2UWFuWG5MRUtEMTFsdXNlUGplaEZoTFlhUXFsY1FOa3drbm82QitnbFlDMTFQa1hMQVM2MlB1ZitWY2QKN01iYUZBd0oyZHlXCi0tLS0tRU5EIENFUlRJRklDQVRFLS0tLS0K"
              }
            ],
            "cluster_id": null,
            "created_at": "2025-02-14 17:07:23.482 +0000 UTC",
            "enabled_cluster_log_types": [
              "api",
              "audit"
            ],
            "encryption_config": [],
            "endpoint": "https://2FCA7E54CD53739788BC9975A7E016F5.gr7.sa-east-1.eks.amazonaws.com",
            "id": "my-eks",
            "identity": [
              {
                "oidc": [
                  {
                    "issuer": "https://oidc.eks.sa-east-1.amazonaws.com/id/2FCA7E54CD53739788BC9975A7E016F5"
                  }
                ]
              }
            ],
            "kubernetes_network_config": [
              {
                "ip_family": "ipv4",
                "service_ipv4_cidr": "172.20.0.0/16",
                "service_ipv6_cidr": ""
              }
            ],
            "name": "my-eks",
            "outpost_config": [],
            "platform_version": "eks.27",
            "role_arn": "arn:aws:iam::489047582581:role/my-eks-role",
            "status": "ACTIVE",
            "tags": null,
            "tags_all": {},
            "timeouts": null,
            "version": "1.30",
            "vpc_config": [
              {
                "cluster_security_group_id": "sg-0ce610d44f9c7d08a",
                "endpoint_private_access": false,
                "endpoint_public_access": true,
                "public_access_cidrs": [
                  "0.0.0.0/0"
                ],
                "security_group_ids": [
                  "sg-01f18e5dc7e0e5c7d",
                  "sg-0427263870b8f9be7"
                ],
                "subnet_ids": [
                  "subnet-048636683801457fd",
                  "subnet-0ddc650f89b33d823"
                ],
                "vpc_id": "vpc-0219e9058efafed15"
              }
            ]
          },
          "sensitive_attributes": [],
          "private": "eyJlMmJmYjczMC1lY2FhLTExZTYtOGY4OC0zNDM2M2JjN2M0YzAiOnsiY3JlYXRlIjoxODAwMDAwMDAwMDAwLCJkZWxldGUiOjkwMDAwMDAwMDAwMCwidXBkYXRlIjozNjAwMDAwMDAwMDAwfX0=",
          "dependencies": [
            "data.terraform_remote_state.l0-vpc",
            "module.my-cluster.aws_cloudwatch_log_group.my-eks-cloudwatch",
            "module.my-cluster.aws_iam_role.eks-cluster-role-create",
            "module.my-cluster.aws_iam_role_policy_attachment.eks-cluster-AmazonEKSClusterPolicy",
            "module.my-cluster.aws_iam_role_policy_attachment.eks-cluster-AmazonEKSVPCResourceController",
            "module.my-cluster.data.aws_iam_policy_document.assume_role",
            "module.my-cluster.data.aws_iam_role.eks-cluster-role-use"
          ]
        }
      ]
    },
    {
      "module": "module.my-cluster",
      "mode": "managed",
      "type": "aws_iam_role",
      "name": "eks-cluster-role-create",
      "provider": "provider[\"registry.terraform.io/hashicorp/aws\"]",
      "instances": [
        {
          "index_key": 0,
          "schema_version": 0,
          "attributes": {
            "arn": "arn:aws:iam::489047582581:role/my-eks-role",
            "assume_role_policy": "{\"Statement\":[{\"Action\":\"sts:AssumeRole\",\"Effect\":\"Allow\",\"Principal\":{\"Service\":\"eks.amazonaws.com\"}}],\"Version\":\"2012-10-17\"}",
            "create_date": "2025-02-14T17:07:19Z",
            "description": "",
            "force_detach_policies": false,
            "id": "my-eks-role",
            "inline_policy": [],
            "managed_policy_arns": [],
            "max_session_duration": 3600,
            "name": "my-eks-role",
            "name_prefix": "",
            "path": "/",
            "permissions_boundary": "",
            "tags": null,
            "tags_all": {},
            "unique_id": "AROAXDXMB452SPHY75YKS"
          },
          "sensitive_attributes": [],
          "private": "bnVsbA==",
          "dependencies": [
            "module.my-cluster.data.aws_iam_policy_document.assume_role"
          ]
        }
      ]
    },
    {
      "module": "module.my-cluster",
      "mode": "managed",
      "type": "aws_iam_role_policy_attachment",
      "name": "eks-cluster-AmazonEKSClusterPolicy",
      "provider": "provider[\"registry.terraform.io/hashicorp/aws\"]",
      "instances": [
        {
          "index_key": 0,
          "schema_version": 0,
          "attributes": {
            "id": "my-eks-role-20250214170721838700000001",
            "policy_arn": "arn:aws:iam::aws:policy/AmazonEKSClusterPolicy",
            "role": "my-eks-role"
          },
          "sensitive_attributes": [],
          "private": "bnVsbA==",
          "dependencies": [
            "module.my-cluster.aws_iam_role.eks-cluster-role-create",
            "module.my-cluster.data.aws_iam_policy_document.assume_role",
            "module.my-cluster.data.aws_iam_role.eks-cluster-role-use"
          ]
        }
      ]
    },
    {
      "module": "module.my-cluster",
      "mode": "managed",
      "type": "aws_iam_role_policy_attachment",
      "name": "eks-cluster-AmazonEKSVPCResourceController",
      "provider": "provider[\"registry.terraform.io/hashicorp/aws\"]",
      "instances": [
        {
          "index_key": 0,
          "schema_version": 0,
          "attributes": {
            "id": "my-eks-role-20250214170722049000000002",
            "policy_arn": "arn:aws:iam::aws:policy/AmazonEKSVPCResourceController",
            "role": "my-eks-role"
          },
          "sensitive_attributes": [],
          "private": "bnVsbA==",
          "dependencies": [
            "module.my-cluster.aws_iam_role.eks-cluster-role-create",
            "module.my-cluster.data.aws_iam_policy_document.assume_role",
            "module.my-cluster.data.aws_iam_role.eks-cluster-role-use"
          ]
        }
      ]
    },
    {
      "module": "module.my-namespaces",
      "mode": "managed",
      "type": "kubernetes_namespace",
      "name": "example",
      "provider": "provider[\"registry.terraform.io/hashicorp/kubernetes\"]",
      "instances": [
        {
          "index_key": "metadata1",
          "schema_version": 0,
          "attributes": {
            "id": "alb-controller",
            "metadata": [
              {
                "annotations": null,
                "generate_name": "",
                "generation": 0,
                "labels": null,
                "name": "alb-controller",
                "resource_version": "640",
                "uid": "eca90069-0a32-4454-8c60-19f850410858"
              }
            ],
            "timeouts": null,
            "wait_for_default_service_account": false
          },
          "sensitive_attributes": [],
          "private": "eyJlMmJmYjczMC1lY2FhLTExZTYtOGY4OC0zNDM2M2JjN2M0YzAiOnsiZGVsZXRlIjozMDAwMDAwMDAwMDB9fQ==",
          "dependencies": [
            "data.aws_eks_cluster.my-aws-cluster",
            "data.aws_eks_cluster_auth.my-aws-cluster-auth",
            "data.terraform_remote_state.l0-vpc",
            "module.my-cluster.aws_cloudwatch_log_group.my-eks-cloudwatch",
            "module.my-cluster.aws_eks_cluster.my-cluster",
            "module.my-cluster.aws_iam_role.eks-cluster-role-create",
            "module.my-cluster.aws_iam_role_policy_attachment.eks-cluster-AmazonEKSClusterPolicy",
            "module.my-cluster.aws_iam_role_policy_attachment.eks-cluster-AmazonEKSVPCResourceController",
            "module.my-cluster.data.aws_iam_policy_document.assume_role",
            "module.my-cluster.data.aws_iam_role.eks-cluster-role-use"
          ]
        }
      ]
    },
    {
      "module": "module.my-node-group",
      "mode": "managed",
      "type": "aws_eks_node_group",
      "name": "my-eks-node-group",
      "provider": "provider[\"registry.terraform.io/hashicorp/aws\"]",
      "instances": [
        {
          "schema_version": 0,
          "attributes": {
            "ami_type": "AL2_x86_64",
            "arn": "arn:aws:eks:sa-east-1:489047582581:nodegroup/my-eks/my-eks-ng/32ca82ba-1b48-75b5-5207-10157c7385e8",
            "capacity_type": "ON_DEMAND",
            "cluster_name": "my-eks",
            "disk_size": 50,
            "force_update_version": null,
            "id": "my-eks:my-eks-ng",
            "instance_types": [
              "t3.medium"
            ],
            "labels": null,
            "launch_template": [],
            "node_group_name": "my-eks-ng",
            "node_group_name_prefix": "",
            "node_role_arn": "arn:aws:iam::489047582581:role/my-eks-ng-role",
            "release_version": "1.30.8-20250203",
            "remote_access": [],
            "resources": [
              {
                "autoscaling_groups": [
                  {
                    "name": "eks-my-eks-ng-32ca82ba-1b48-75b5-5207-10157c7385e8"
                  }
                ],
                "remote_access_security_group_id": ""
              }
            ],
            "scaling_config": [
              {
                "desired_size": 1,
                "max_size": 2,
                "min_size": 1
              }
            ],
            "status": "ACTIVE",
            "subnet_ids": [
              "subnet-048636683801457fd",
              "subnet-0ddc650f89b33d823"
            ],
            "tags": null,
            "tags_all": {},
            "taint": [],
            "timeouts": null,
            "update_config": [
              {
                "max_unavailable": 1,
                "max_unavailable_percentage": 0
              }
            ],
            "version": "1.30"
          },
          "sensitive_attributes": [],
          "private": "eyJlMmJmYjczMC1lY2FhLTExZTYtOGY4OC0zNDM2M2JjN2M0YzAiOnsiY3JlYXRlIjozNjAwMDAwMDAwMDAwLCJkZWxldGUiOjM2MDAwMDAwMDAwMDAsInVwZGF0ZSI6MzYwMDAwMDAwMDAwMH19",
          "dependencies": [
            "data.terraform_remote_state.l0-vpc",
            "module.my-cluster.aws_cloudwatch_log_group.my-eks-cloudwatch",
            "module.my-cluster.aws_eks_cluster.my-cluster",
            "module.my-cluster.aws_iam_role.eks-cluster-role-create",
            "module.my-cluster.aws_iam_role_policy_attachment.eks-cluster-AmazonEKSClusterPolicy",
            "module.my-cluster.aws_iam_role_policy_attachment.eks-cluster-AmazonEKSVPCResourceController",
            "module.my-cluster.data.aws_iam_policy_document.assume_role",
            "module.my-cluster.data.aws_iam_role.eks-cluster-role-use",
            "module.my-node-group.aws_iam_role.eks-ng-cluster-role",
            "module.my-node-group.aws_iam_role_policy_attachment.eks-cluster-AmazonEC2ContainerRegistryReadOnly",
            "module.my-node-group.aws_iam_role_policy_attachment.eks-cluster-AmazonEKSWorkerNodePolicy",
            "module.my-node-group.aws_iam_role_policy_attachment.eks-cluster-AmazonEKS_CNI_Policy"
          ]
        }
      ]
    },
    {
      "module": "module.my-node-group",
      "mode": "managed",
      "type": "aws_iam_role",
      "name": "eks-ng-cluster-role",
      "provider": "provider[\"registry.terraform.io/hashicorp/aws\"]",
      "instances": [
        {
          "schema_version": 0,
          "attributes": {
            "arn": "arn:aws:iam::489047582581:role/my-eks-ng-role",
            "assume_role_policy": "{\"Statement\":[{\"Action\":\"sts:AssumeRole\",\"Effect\":\"Allow\",\"Principal\":{\"Service\":\"ec2.amazonaws.com\"}}],\"Version\":\"2012-10-17\"}",
            "create_date": "2025-02-14T17:14:15Z",
            "description": "",
            "force_detach_policies": false,
            "id": "my-eks-ng-role",
            "inline_policy": [],
            "managed_policy_arns": [],
            "max_session_duration": 3600,
            "name": "my-eks-ng-role",
            "name_prefix": "",
            "path": "/",
            "permissions_boundary": "",
            "tags": null,
            "tags_all": {},
            "unique_id": "AROAXDXMB452ZKDNH33SJ"
          },
          "sensitive_attributes": [],
          "private": "bnVsbA==",
          "dependencies": [
            "data.terraform_remote_state.l0-vpc",
            "module.my-cluster.aws_cloudwatch_log_group.my-eks-cloudwatch",
            "module.my-cluster.aws_eks_cluster.my-cluster",
            "module.my-cluster.aws_iam_role.eks-cluster-role-create",
            "module.my-cluster.aws_iam_role_policy_attachment.eks-cluster-AmazonEKSClusterPolicy",
            "module.my-cluster.aws_iam_role_policy_attachment.eks-cluster-AmazonEKSVPCResourceController",
            "module.my-cluster.data.aws_iam_policy_document.assume_role",
            "module.my-cluster.data.aws_iam_role.eks-cluster-role-use"
          ]
        }
      ]
    },
    {
      "module": "module.my-node-group",
      "mode": "managed",
      "type": "aws_iam_role_policy_attachment",
      "name": "eks-cluster-AmazonEC2ContainerRegistryReadOnly",
      "provider": "provider[\"registry.terraform.io/hashicorp/aws\"]",
      "instances": [
        {
          "schema_version": 0,
          "attributes": {
            "id": "my-eks-ng-role-20250214171417795900000006",
            "policy_arn": "arn:aws:iam::aws:policy/AmazonEC2ContainerRegistryReadOnly",
            "role": "my-eks-ng-role"
          },
          "sensitive_attributes": [],
          "private": "bnVsbA==",
          "dependencies": [
            "data.terraform_remote_state.l0-vpc",
            "module.my-cluster.aws_cloudwatch_log_group.my-eks-cloudwatch",
            "module.my-cluster.aws_eks_cluster.my-cluster",
            "module.my-cluster.aws_iam_role.eks-cluster-role-create",
            "module.my-cluster.aws_iam_role_policy_attachment.eks-cluster-AmazonEKSClusterPolicy",
            "module.my-cluster.aws_iam_role_policy_attachment.eks-cluster-AmazonEKSVPCResourceController",
            "module.my-cluster.data.aws_iam_policy_document.assume_role",
            "module.my-cluster.data.aws_iam_role.eks-cluster-role-use",
            "module.my-node-group.aws_iam_role.eks-ng-cluster-role"
          ]
        }
      ]
    },
    {
      "module": "module.my-node-group",
      "mode": "managed",
      "type": "aws_iam_role_policy_attachment",
      "name": "eks-cluster-AmazonEKSVPCResourceController",
      "provider": "provider[\"registry.terraform.io/hashicorp/aws\"]",
      "instances": [
        {
          "schema_version": 0,
          "attributes": {
            "id": "my-eks-ng-role-20250214171417730300000005",
            "policy_arn": "arn:aws:iam::aws:policy/AmazonEKSVPCResourceController",
            "role": "my-eks-ng-role"
          },
          "sensitive_attributes": [],
          "private": "bnVsbA==",
          "dependencies": [
            "data.terraform_remote_state.l0-vpc",
            "module.my-cluster.aws_cloudwatch_log_group.my-eks-cloudwatch",
            "module.my-cluster.aws_eks_cluster.my-cluster",
            "module.my-cluster.aws_iam_role.eks-cluster-role-create",
            "module.my-cluster.aws_iam_role_policy_attachment.eks-cluster-AmazonEKSClusterPolicy",
            "module.my-cluster.aws_iam_role_policy_attachment.eks-cluster-AmazonEKSVPCResourceController",
            "module.my-cluster.data.aws_iam_policy_document.assume_role",
            "module.my-cluster.data.aws_iam_role.eks-cluster-role-use",
            "module.my-node-group.aws_iam_role.eks-ng-cluster-role"
          ]
        }
      ]
    },
    {
      "module": "module.my-node-group",
      "mode": "managed",
      "type": "aws_iam_role_policy_attachment",
      "name": "eks-cluster-AmazonEKSWorkerNodePolicy",
      "provider": "provider[\"registry.terraform.io/hashicorp/aws\"]",
      "instances": [
        {
          "schema_version": 0,
          "attributes": {
            "id": "my-eks-ng-role-20250214171417323800000003",
            "policy_arn": "arn:aws:iam::aws:policy/AmazonEKSWorkerNodePolicy",
            "role": "my-eks-ng-role"
          },
          "sensitive_attributes": [],
          "private": "bnVsbA==",
          "dependencies": [
            "data.terraform_remote_state.l0-vpc",
            "module.my-cluster.aws_cloudwatch_log_group.my-eks-cloudwatch",
            "module.my-cluster.aws_eks_cluster.my-cluster",
            "module.my-cluster.aws_iam_role.eks-cluster-role-create",
            "module.my-cluster.aws_iam_role_policy_attachment.eks-cluster-AmazonEKSClusterPolicy",
            "module.my-cluster.aws_iam_role_policy_attachment.eks-cluster-AmazonEKSVPCResourceController",
            "module.my-cluster.data.aws_iam_policy_document.assume_role",
            "module.my-cluster.data.aws_iam_role.eks-cluster-role-use",
            "module.my-node-group.aws_iam_role.eks-ng-cluster-role"
          ]
        }
      ]
    },
    {
      "module": "module.my-node-group",
      "mode": "managed",
      "type": "aws_iam_role_policy_attachment",
      "name": "eks-cluster-AmazonEKS_CNI_Policy",
      "provider": "provider[\"registry.terraform.io/hashicorp/aws\"]",
      "instances": [
        {
          "schema_version": 0,
          "attributes": {
            "id": "my-eks-ng-role-20250214171417577000000004",
            "policy_arn": "arn:aws:iam::aws:policy/AmazonEKS_CNI_Policy",
            "role": "my-eks-ng-role"
          },
          "sensitive_attributes": [],
          "private": "bnVsbA==",
          "dependencies": [
            "data.terraform_remote_state.l0-vpc",
            "module.my-cluster.aws_cloudwatch_log_group.my-eks-cloudwatch",
            "module.my-cluster.aws_eks_cluster.my-cluster",
            "module.my-cluster.aws_iam_role.eks-cluster-role-create",
            "module.my-cluster.aws_iam_role_policy_attachment.eks-cluster-AmazonEKSClusterPolicy",
            "module.my-cluster.aws_iam_role_policy_attachment.eks-cluster-AmazonEKSVPCResourceController",
            "module.my-cluster.data.aws_iam_policy_document.assume_role",
            "module.my-cluster.data.aws_iam_role.eks-cluster-role-use",
            "module.my-node-group.aws_iam_role.eks-ng-cluster-role"
          ]
        }
      ]
    }
  ],
  "check_results": null
}
